<?xml version="1.0" encoding="utf-8"?>
<Project ToolsVersion="4.0" xmlns="http://schemas.microsoft.com/developer/msbuild/2003">
  <ItemGroup>
    <Filter Include="Source Files">
      <UniqueIdentifier>{0271cc72-ed1b-4bcd-a84b-13a11f52cdb3}</UniqueIdentifier>
      <Extensions>cpp;c;cxx;rc;def;r;odl;idl;hpj;bat</Extensions>
    </Filter>
    <Filter Include="Header Files">
      <UniqueIdentifier>{3679fdc1-acf8-486c-8047-093b1572aaf0}</UniqueIdentifier>
      <Extensions>h;hpp;hxx;hm;inl</Extensions>
    </Filter>
    <Filter Include="Resource Files">
      <UniqueIdentifier>{2833c742-bbb3-4ccb-b5dc-12743aedceeb}</UniqueIdentifier>
      <Extensions>ico;cur;bmp;dlg;rc2;rct;bin;rgs;gif;jpg;jpeg;jpe</Extensions>
    </Filter>
  </ItemGroup>
  <ItemGroup>
    <ClCompile Include="Curvefit.cpp">
      <Filter>Source Files</Filter>
    </ClCompile>
    <ClCompile Include="Digistring.cpp">
      <Filter>Source Files</Filter>
    </ClCompile>
    <ClCompile Include="SemCoreCtrlPanel_Stand4.cpp">
      <Filter>Source Files</Filter>
    </ClCompile>
    <ClCompile Include="SemCoreCtrlPanel_Stand4Ctl.cpp">
      <Filter>Source Files</Filter>
    </ClCompile>
    <ClCompile Include="SemCoreCtrlPanel_Stand4Ppg.cpp">
      <Filter>Source Files</Filter>
    </ClCompile>
    <ClCompile Include="StdAfx.cpp">
      <Filter>Source Files</Filter>
    </ClCompile>
  </ItemGroup>
  <ItemGroup>
    <Midl Include="SemCoreCtrlPanel_Stand4.odl">
      <Filter>Source Files</Filter>
    </Midl>
  </ItemGroup>
  <ItemGroup>
    <ResourceCompile Include="SemCoreCtrlPanel_Stand4.rc">
      <Filter>Source Files</Filter>
    </ResourceCompile>
  </ItemGroup>
  <ItemGroup>
    <ClInclude Include="SemCoreCtrlPanel_Stand4.h">
      <Filter>Header Files</Filter>
    </ClInclude>
    <ClInclude Include="SemCoreCtrlPanel_Stand4Ctl.h">
      <Filter>Header Files</Filter>
    </ClInclude>
    <ClInclude Include="SemCoreCtrlPanel_Stand4Ppg.h">
      <Filter>Header Files</Filter>
    </ClInclude>
    <ClInclude Include="StdAfx.h">
      <Filter>Header Files</Filter>
    </ClInclude>
  </ItemGroup>
  <ItemGroup>
    <Image Include="aboutdll.ico">
      <Filter>Resource Files</Filter>
    </Image>
    <Image Include="semcorec.bmp">
      <Filter>Resource Files</Filter>
    </Image>
    <Image Include="SemCoreCtrlPanel_Stand4.ico">
      <Filter>Resource Files</Filter>
    </Image>
    <Image Include="SemCoreCtrlPanel_Stand4Ctl.bmp">
      <Filter>Resource Files</Filter>
    </Image>
  </ItemGroup>
  <ItemGroup>
    <Text Include="ReadMe.txt" />
  </ItemGroup>
  <ItemGroup>
    <CustomBuild Include="SemCoreCtrlPanel_Stand4.def">
      <Filter>Source Files</Filter>
    </CustomBuild>
  </ItemGroup>
</Project>