<?xml version="1.0" encoding="utf-8"?>
<Project ToolsVersion="4.0" xmlns="http://schemas.microsoft.com/developer/msbuild/2003">
  <ItemGroup>
    <Filter Include="Source Files">
      <UniqueIdentifier>{149ea0fb-c9a6-4680-b5cc-133794f6ba25}</UniqueIdentifier>
      <Extensions>cpp;c;cxx;rc;def;r;odl;idl;hpj;bat</Extensions>
    </Filter>
    <Filter Include="Header Files">
      <UniqueIdentifier>{93bb1e02-779e-43b0-b733-74de31c634d1}</UniqueIdentifier>
      <Extensions>h;hpp;hxx;hm;inl</Extensions>
    </Filter>
    <Filter Include="Resource Files">
      <UniqueIdentifier>{0255a972-df78-4624-ac49-25593b1ecab3}</UniqueIdentifier>
      <Extensions>ico;cur;bmp;dlg;rc2;rct;bin;rgs;gif;jpg;jpeg;jpe</Extensions>
    </Filter>
  </ItemGroup>
  <ItemGroup>
    <ClCompile Include="AnalogPhoto.cpp">
      <Filter>Source Files</Filter>
    </ClCompile>
    <ClCompile Include="BasisScan.cpp">
      <Filter>Source Files</Filter>
    </ClCompile>
    <ClCompile Include="DigitalPhoto.cpp">
      <Filter>Source Files</Filter>
    </ClCompile>
    <ClCompile Include="LineScan.cpp">
      <Filter>Source Files</Filter>
    </ClCompile>
    <ClCompile Include="RasterScan.cpp">
      <Filter>Source Files</Filter>
    </ClCompile>
    <ClCompile Include="Scan.cpp">
      <Filter>Source Files</Filter>
    </ClCompile>
    <ClCompile Include="SemScan.cpp">
      <Filter>Source Files</Filter>
    </ClCompile>
    <ClCompile Include="StdAfx.cpp">
      <Filter>Source Files</Filter>
    </ClCompile>
    <ClCompile Include="SyncScan.cpp">
      <Filter>Source Files</Filter>
    </ClCompile>
    <ClCompile Include="ScanParameterManager.cpp">
      <Filter>Source Files</Filter>
    </ClCompile>
  </ItemGroup>
  <ItemGroup>
    <ResourceCompile Include="SemScan.rc">
      <Filter>Source Files</Filter>
    </ResourceCompile>
  </ItemGroup>
  <ItemGroup>
    <ClInclude Include="AnalogPhoto.h">
      <Filter>Header Files</Filter>
    </ClInclude>
    <ClInclude Include="BasisScan.h">
      <Filter>Header Files</Filter>
    </ClInclude>
    <ClInclude Include="DigitalPhoto.h">
      <Filter>Header Files</Filter>
    </ClInclude>
    <ClInclude Include="LineScan.h">
      <Filter>Header Files</Filter>
    </ClInclude>
    <ClInclude Include="RasterScan.h">
      <Filter>Header Files</Filter>
    </ClInclude>
    <ClInclude Include="Resource.h">
      <Filter>Header Files</Filter>
    </ClInclude>
    <ClInclude Include="Scan.h">
      <Filter>Header Files</Filter>
    </ClInclude>
    <ClInclude Include="StdAfx.h">
      <Filter>Header Files</Filter>
    </ClInclude>
    <ClInclude Include="SyncScan.h">
      <Filter>Header Files</Filter>
    </ClInclude>
    <ClInclude Include="ScanParameterManager.h">
      <Filter>Header Files</Filter>
    </ClInclude>
  </ItemGroup>
  <ItemGroup>
    <Text Include="ReadMe.txt" />
  </ItemGroup>
  <ItemGroup>
    <CustomBuild Include="SemScan.def">
      <Filter>Source Files</Filter>
    </CustomBuild>
    <CustomBuild Include="res\SemScan.rc2">
      <Filter>Resource Files</Filter>
    </CustomBuild>
  </ItemGroup>
</Project>