
Microsoft Visual Studio Solution File, Format Version 12.00
# Visual Studio 2012
Project("{8BC9CEB8-8B4A-11D0-8D11-00A0C91BC942}") = "BoardVAC", "CtrlLayer\BoardVAC\BoardVAC.vcxproj", "{60ED4747-22C9-4B86-B900-EB0B14F464AC}"
EndProject
Project("{8BC9CEB8-8B4A-11D0-8D11-00A0C91BC942}") = "ChartCtrlLib", "CtrlLayer\ChartCtrlLib\ChartCtrlLib.vcxproj", "{C6A114F3-70A1-40DE-B665-2A6F9BF4685A}"
EndProject
Project("{8BC9CEB8-8B4A-11D0-8D11-00A0C91BC942}") = "ControlLayer", "CtrlLayer\ControlLayer\ControlLayer.vcxproj", "{E0798BBF-0797-4CE1-9F02-34E47939773E}"
EndProject
Project("{8BC9CEB8-8B4A-11D0-8D11-00A0C91BC942}") = "Database", "CtrlLayer\Database\Database.vcxproj", "{D6CDD50A-3801-431F-988F-932B144D22DD}"
EndProject
Project("{8BC9CEB8-8B4A-11D0-8D11-00A0C91BC942}") = "GlobalComponent", "CtrlLayer\GlobalComponent\GlobalComponent.vcxproj", "{287FF0BD-E6E2-45A8-B78B-628DD801793C}"
EndProject
Project("{8BC9CEB8-8B4A-11D0-8D11-00A0C91BC942}") = "Grid", "CtrlLayer\Grid\Grid.vcxproj", "{17D5572F-8057-47B2-B59B-00EC040B8C93}"
EndProject
Project("{8BC9CEB8-8B4A-11D0-8D11-00A0C91BC942}") = "HVPower_CPS3603", "CtrlLayer\HVPower_CPS3603\HVPower_CPS3603.vcxproj", "{5E72DE7E-0749-48CE-BE4B-2A8DAC18CED1}"
EndProject
Project("{8BC9CEB8-8B4A-11D0-8D11-00A0C91BC942}") = "HVPower_Spellman2", "CtrlLayer\HVPower_Spellman2\HVPower_Spellman2.vcxproj", "{3536196F-8B42-4DCB-A47F-51835D99C958}"
EndProject
Project("{8BC9CEB8-8B4A-11D0-8D11-00A0C91BC942}") = "LogManager", "CtrlLayer\LogManager\LogManager.vcxproj", "{C62FEEA0-C810-45F7-9EEC-DF881FE66C63}"
EndProject
Project("{8BC9CEB8-8B4A-11D0-8D11-00A0C91BC942}") = "Options_BSD", "CtrlLayer\Options_BSD\Options_BSD.vcxproj", "{08C78A6E-3B49-4458-836C-093C68DA6E3A}"
EndProject
Project("{8BC9CEB8-8B4A-11D0-8D11-00A0C91BC942}") = "Options_Camera", "CtrlLayer\Options_Camera\Options_Camera.vcxproj", "{027EE01B-1D8A-4195-917B-BF7341F8820C}"
EndProject
Project("{8BC9CEB8-8B4A-11D0-8D11-00A0C91BC942}") = "Options_StageMC600", "CtrlLayer\Options_StageMC600\Options_StageMC600.vcxproj", "{C5E37B63-A426-4915-8B5B-CB20CAFE036B}"
EndProject
Project("{8BC9CEB8-8B4A-11D0-8D11-00A0C91BC942}") = "Options_StageMC600Wnd", "CtrlLayer\Options_StageMC600Wnd\Options_StageMC600Wnd.vcxproj", "{255ED5F1-5029-41EC-8999-B0DBADBFFD2A}"
EndProject
Project("{8BC9CEB8-8B4A-11D0-8D11-00A0C91BC942}") = "Options_StageVince", "CtrlLayer\Options_StageVince\Options_StageVince.vcxproj", "{83DC2003-D655-4F4C-8FCE-A7E86F017275}"
EndProject
Project("{8BC9CEB8-8B4A-11D0-8D11-00A0C91BC942}") = "SemControl", "CtrlLayer\SemControl\SemControl.vcxproj", "{FBCAFFC0-0A47-43BB-BA1D-C8FEDA2E6E41}"
EndProject
Project("{8BC9CEB8-8B4A-11D0-8D11-00A0C91BC942}") = "SemControlCardAdapter", "CtrlLayer\SemControlCardAdapter\SemControlCardAdapter.vcxproj", "{CC18A85E-462B-4DFF-8384-454D4A7835DF}"
EndProject
Project("{8BC9CEB8-8B4A-11D0-8D11-00A0C91BC942}") = "SemCore", "CtrlLayer\SemCore\SemCore.vcxproj", "{BCFADEDB-BD1D-4CAF-931A-CFD59B3EF2FE}"
EndProject
Project("{8BC9CEB8-8B4A-11D0-8D11-00A0C91BC942}") = "SemCoreCtrlPanelManager", "CtrlLayer\SemCoreCtrlPanelManager\SemCoreCtrlPanelManager.vcxproj", "{9CD221F3-528F-43F7-946C-4984768336C7}"
EndProject
Project("{8BC9CEB8-8B4A-11D0-8D11-00A0C91BC942}") = "SemCoreMsgComm", "CtrlLayer\SemCoreMsgComm\SemCoreMsgComm.vcxproj", "{8DC7EA98-E1FE-4CB0-AF8F-F3347CF3754A}"
EndProject
Project("{8BC9CEB8-8B4A-11D0-8D11-00A0C91BC942}") = "SemScan", "CtrlLayer\SemScan\SemScan.vcxproj", "{A1C9B409-2283-433E-A1E8-DF4121E6E6D4}"
EndProject
Project("{8BC9CEB8-8B4A-11D0-8D11-00A0C91BC942}") = "Options_StageMC6600", "CtrlLayer\Options_StageMC6600\Options_StageMC6600.vcxproj", "{0D98472F-3DF3-4C36-92AC-AB7D0FE19978}"
EndProject
Project("{8BC9CEB8-8B4A-11D0-8D11-00A0C91BC942}") = "Options_StageMC6600Wnd", "CtrlLayer\Options_StageMC6600Wnd\Options_StageMC6600Wnd.vcxproj", "{191E6D06-367E-4323-8D6C-BC76253B7CDF}"
EndProject
Project("{8BC9CEB8-8B4A-11D0-8D11-00A0C91BC942}") = "SEMClient", "CtrlLayer\SEMClient\SEMClient.vcxproj", "{ACE31683-E4BB-4D82-82E7-4FE053B04D6B}"
EndProject
Project("{8BC9CEB8-8B4A-11D0-8D11-00A0C91BC942}") = "SEMServer", "CtrlLayer\SEMServer\SEMServer.vcxproj", "{D5541FC9-F8FD-4C02-AC42-88EBC5E4A11E}"
EndProject
Project("{8BC9CEB8-8B4A-11D0-8D11-00A0C91BC942}") = "VACObtain", "CtrlLayer\VACObtain\VACObtain.vcxproj", "{14006EAC-6696-424A-99D8-0FBDA18431A9}"
EndProject
Project("{8BC9CEB8-8B4A-11D0-8D11-00A0C91BC942}") = "VACStateMachine", "CtrlLayer\VACStateMachine\VACStateMachine.vcxproj", "{6DC4CA22-0B16-442E-86EE-C2CD4C06068E}"
EndProject
Project("{8BC9CEB8-8B4A-11D0-8D11-00A0C91BC942}") = "VirtualMCICard", "CtrlLayer\VirtualMCICard\VirtualMCICard.vcxproj", "{922A7CBF-2382-40BA-B2EC-151689C511E0}"
EndProject
Project("{8BC9CEB8-8B4A-11D0-8D11-00A0C91BC942}") = "KYKY-SEM", "MainFace\XXX2\XXX2.vcxproj", "{BB038E46-8C70-41A9-9BE8-C585A49C245A}"
EndProject
Project("{8BC9CEB8-8B4A-11D0-8D11-00A0C91BC942}") = "LanguageManager", "Language\LanguageManager\LanguageManager.vcxproj", "{DA402EE6-F8B6-48FA-9D02-EDE59666EDFD}"
EndProject
Project("{8BC9CEB8-8B4A-11D0-8D11-00A0C91BC942}") = "en_US", "Language\LanguagePackage\en_US\en_US.vcxproj", "{3252F7A5-2703-48B6-90EF-8FEE7ACD09D1}"
EndProject
Project("{8BC9CEB8-8B4A-11D0-8D11-00A0C91BC942}") = "HVPower_WSM30KV", "CtrlLayer\HVPower_WSM30KV\HVPower_WSM30KV.vcxproj", "{3679FD7C-66B5-4C58-95CE-B57C8DE6DBE3}"
EndProject
Project("{8BC9CEB8-8B4A-11D0-8D11-00A0C91BC942}") = "Options_StageTMCM", "CtrlLayer\Options_StageTMCM\Options_StageTMCM.vcxproj", "{C052484C-8677-46DC-88FD-6EDEBA9B787C}"
EndProject
Project("{8BC9CEB8-8B4A-11D0-8D11-00A0C91BC942}") = "Options_StageTMCMWnd", "CtrlLayer\Options_StageTMCMWnd\Options_StageTMCMWnd.vcxproj", "{E44A976F-AF7D-404E-BE95-B84655D5B265}"
EndProject
Project("{8BC9CEB8-8B4A-11D0-8D11-00A0C91BC942}") = "HVPower_WSM30KV2", "CtrlLayer\HVPower_WSM30KV2\HVPower_WSM30KV2.vcxproj", "{0E681B22-76D5-4990-9064-BE447F90AD79}"
EndProject
Project("{8BC9CEB8-8B4A-11D0-8D11-00A0C91BC942}") = "Options_NAV", "CtrlLayer\Options_NAV\Options_NAV.vcxproj", "{F74A59C5-86E9-442B-98F4-EEE609B641AB}"
EndProject
Project("{8BC9CEB8-8B4A-11D0-8D11-00A0C91BC942}") = "VACBoardPLC", "CtrlLayer\VACBoardPLC\VACBoardPLC.vcxproj", "{D88830D9-ADFE-47B5-A17E-329E09B15283}"
EndProject
Project("{8BC9CEB8-8B4A-11D0-8D11-00A0C91BC942}") = "AutoBC", "AutoFunctions\AutoBC\AutoBC.vcxproj", "{5562C319-8051-4DAA-BD9D-2812EAEF3E67}"
EndProject
Project("{8BC9CEB8-8B4A-11D0-8D11-00A0C91BC942}") = "AutoFilament", "AutoFunctions\AutoFilament\AutoFilament.vcxproj", "{7E4F0FF3-19B9-4211-A77C-92174EFEEBFC}"
EndProject
Project("{8BC9CEB8-8B4A-11D0-8D11-00A0C91BC942}") = "AutoFocus", "AutoFunctions\AutoFocus\AutoFocus.vcxproj", "{B407EEC9-7C6D-4DE0-B2BA-32033D02F882}"
EndProject
Project("{8BC9CEB8-8B4A-11D0-8D11-00A0C91BC942}") = "AutoStigmator", "AutoFunctions\AutoStigmator\AutoStigmator.vcxproj", "{716DAB72-0E39-4A72-9683-C65E3BCC7839}"
EndProject
Project("{8BC9CEB8-8B4A-11D0-8D11-00A0C91BC942}") = "OrthogonalTransform", "AutoFunctions\OrthogonalTransform\OrthogonalTransform.vcxproj", "{996EEA34-EA33-4FC3-9DA3-315C30103867}"
EndProject
Project("{8BC9CEB8-8B4A-11D0-8D11-00A0C91BC942}") = "insample0", "MainFace\BoardTest2\insample0.vcxproj", "{B29429FF-7FA9-4FCA-875F-9CB0ECDC8CE5}"
EndProject
Project("{8BC9CEB8-8B4A-11D0-8D11-00A0C91BC942}") = "Options_PicoammeterD22", "CtrlLayer\Options_PicoammeterD22\Options_PicoammeterD22.vcxproj", "{EC86015B-2338-492E-BB47-F7E395F13E93}"
EndProject
Project("{8BC9CEB8-8B4A-11D0-8D11-00A0C91BC942}") = "SemCoreCtrlPanel_Stand6", "Ocxs\SemCoreCtrlPanel_Stand6\SemCoreCtrlPanel_Stand6.vcxproj", "{B436C8E3-CE06-4B04-B76B-8F248253D3A3}"
EndProject
Project("{8BC9CEB8-8B4A-11D0-8D11-00A0C91BC942}") = "SemCoreCtrlPanel_Stand1", "Ocxs\SemCoreCtrlPanel_Stand1\SemCoreCtrlPanel_Stand1.vcxproj", "{B666E5B4-C00D-418A-A887-774816A7C3F8}"
EndProject
Project("{8BC9CEB8-8B4A-11D0-8D11-00A0C91BC942}") = "SemCoreCtrlPanel_Stand2", "Ocxs\SemCoreCtrlPanel_Stand2\SemCoreCtrlPanel_Stand2.vcxproj", "{DD5076BD-D8D6-4C90-8618-DD5147663C97}"
EndProject
Project("{8BC9CEB8-8B4A-11D0-8D11-00A0C91BC942}") = "SemCoreCtrlPanel_Stand3", "Ocxs\SemCoreCtrlPanel_Stand3\SemCoreCtrlPanel_Stand3.vcxproj", "{9A76E757-92F9-4F9E-B01B-F70E3CBD5C01}"
EndProject
Project("{8BC9CEB8-8B4A-11D0-8D11-00A0C91BC942}") = "SemCoreCtrlPanel_Stand7", "Ocxs\SemCoreCtrlPanel_Stand7\SemCoreCtrlPanel_Stand7.vcxproj", "{1505D065-9017-48B1-BFA5-05040145708A}"
EndProject
Project("{8BC9CEB8-8B4A-11D0-8D11-00A0C91BC942}") = "SemCoreCtrlPanel_Stand9", "Ocxs\SemCoreCtrlPanel_Stand9\SemCoreCtrlPanel_Stand9.vcxproj", "{F36A41D5-EEF0-4ED9-BDB3-4A2938E9BB2F}"
EndProject
Project("{8BC9CEB8-8B4A-11D0-8D11-00A0C91BC942}") = "SemCoreCtrlPanel_StandA", "Ocxs\SemCoreCtrlPanel_StandA\SemCoreCtrlPanel_StandA.vcxproj", "{5C4840AB-D889-4AB0-A73E-CEBD4007C895}"
EndProject
Project("{8BC9CEB8-8B4A-11D0-8D11-00A0C91BC942}") = "CommTestJson", "MainFace\CommTestJson\CommTestJson.vcxproj", "{6B53E175-050E-4EEA-9EBD-9EEA7D5E8715}"
EndProject
Global
	GlobalSection(SolutionConfigurationPlatforms) = preSolution
		ChartCtrlLibS|Win32 = ChartCtrlLibS|Win32
		Debug|Win32 = Debug|Win32
		Release|Win32 = Release|Win32
		Template|Win32 = Template|Win32
	EndGlobalSection
	GlobalSection(ProjectConfigurationPlatforms) = postSolution
		{60ED4747-22C9-4B86-B900-EB0B14F464AC}.ChartCtrlLibS|Win32.ActiveCfg = Release|Win32
		{60ED4747-22C9-4B86-B900-EB0B14F464AC}.ChartCtrlLibS|Win32.Build.0 = Release|Win32
		{60ED4747-22C9-4B86-B900-EB0B14F464AC}.Debug|Win32.ActiveCfg = Debug|Win32
		{60ED4747-22C9-4B86-B900-EB0B14F464AC}.Debug|Win32.Build.0 = Debug|Win32
		{60ED4747-22C9-4B86-B900-EB0B14F464AC}.Release|Win32.ActiveCfg = Release|Win32
		{60ED4747-22C9-4B86-B900-EB0B14F464AC}.Release|Win32.Build.0 = Release|Win32
		{60ED4747-22C9-4B86-B900-EB0B14F464AC}.Template|Win32.ActiveCfg = Release|Win32
		{60ED4747-22C9-4B86-B900-EB0B14F464AC}.Template|Win32.Build.0 = Release|Win32
		{C6A114F3-70A1-40DE-B665-2A6F9BF4685A}.ChartCtrlLibS|Win32.ActiveCfg = ChartCtrlLibS|Win32
		{C6A114F3-70A1-40DE-B665-2A6F9BF4685A}.ChartCtrlLibS|Win32.Build.0 = ChartCtrlLibS|Win32
		{C6A114F3-70A1-40DE-B665-2A6F9BF4685A}.Debug|Win32.ActiveCfg = Debug|Win32
		{C6A114F3-70A1-40DE-B665-2A6F9BF4685A}.Debug|Win32.Build.0 = Debug|Win32
		{C6A114F3-70A1-40DE-B665-2A6F9BF4685A}.Release|Win32.ActiveCfg = Release|Win32
		{C6A114F3-70A1-40DE-B665-2A6F9BF4685A}.Release|Win32.Build.0 = Release|Win32
		{C6A114F3-70A1-40DE-B665-2A6F9BF4685A}.Template|Win32.ActiveCfg = ChartCtrlLibS|Win32
		{C6A114F3-70A1-40DE-B665-2A6F9BF4685A}.Template|Win32.Build.0 = ChartCtrlLibS|Win32
		{E0798BBF-0797-4CE1-9F02-34E47939773E}.ChartCtrlLibS|Win32.ActiveCfg = Release|Win32
		{E0798BBF-0797-4CE1-9F02-34E47939773E}.ChartCtrlLibS|Win32.Build.0 = Release|Win32
		{E0798BBF-0797-4CE1-9F02-34E47939773E}.Debug|Win32.ActiveCfg = Debug|Win32
		{E0798BBF-0797-4CE1-9F02-34E47939773E}.Debug|Win32.Build.0 = Debug|Win32
		{E0798BBF-0797-4CE1-9F02-34E47939773E}.Release|Win32.ActiveCfg = Release|Win32
		{E0798BBF-0797-4CE1-9F02-34E47939773E}.Release|Win32.Build.0 = Release|Win32
		{E0798BBF-0797-4CE1-9F02-34E47939773E}.Template|Win32.ActiveCfg = Release|Win32
		{E0798BBF-0797-4CE1-9F02-34E47939773E}.Template|Win32.Build.0 = Release|Win32
		{D6CDD50A-3801-431F-988F-932B144D22DD}.ChartCtrlLibS|Win32.ActiveCfg = Release|Win32
		{D6CDD50A-3801-431F-988F-932B144D22DD}.ChartCtrlLibS|Win32.Build.0 = Release|Win32
		{D6CDD50A-3801-431F-988F-932B144D22DD}.Debug|Win32.ActiveCfg = Debug|Win32
		{D6CDD50A-3801-431F-988F-932B144D22DD}.Debug|Win32.Build.0 = Debug|Win32
		{D6CDD50A-3801-431F-988F-932B144D22DD}.Release|Win32.ActiveCfg = Release|Win32
		{D6CDD50A-3801-431F-988F-932B144D22DD}.Release|Win32.Build.0 = Release|Win32
		{D6CDD50A-3801-431F-988F-932B144D22DD}.Template|Win32.ActiveCfg = Release|Win32
		{D6CDD50A-3801-431F-988F-932B144D22DD}.Template|Win32.Build.0 = Release|Win32
		{287FF0BD-E6E2-45A8-B78B-628DD801793C}.ChartCtrlLibS|Win32.ActiveCfg = Release|Win32
		{287FF0BD-E6E2-45A8-B78B-628DD801793C}.ChartCtrlLibS|Win32.Build.0 = Release|Win32
		{287FF0BD-E6E2-45A8-B78B-628DD801793C}.Debug|Win32.ActiveCfg = Debug|Win32
		{287FF0BD-E6E2-45A8-B78B-628DD801793C}.Debug|Win32.Build.0 = Debug|Win32
		{287FF0BD-E6E2-45A8-B78B-628DD801793C}.Release|Win32.ActiveCfg = Release|Win32
		{287FF0BD-E6E2-45A8-B78B-628DD801793C}.Release|Win32.Build.0 = Release|Win32
		{287FF0BD-E6E2-45A8-B78B-628DD801793C}.Template|Win32.ActiveCfg = Release|Win32
		{287FF0BD-E6E2-45A8-B78B-628DD801793C}.Template|Win32.Build.0 = Release|Win32
		{17D5572F-8057-47B2-B59B-00EC040B8C93}.ChartCtrlLibS|Win32.ActiveCfg = Release|Win32
		{17D5572F-8057-47B2-B59B-00EC040B8C93}.ChartCtrlLibS|Win32.Build.0 = Release|Win32
		{17D5572F-8057-47B2-B59B-00EC040B8C93}.Debug|Win32.ActiveCfg = Debug|Win32
		{17D5572F-8057-47B2-B59B-00EC040B8C93}.Debug|Win32.Build.0 = Debug|Win32
		{17D5572F-8057-47B2-B59B-00EC040B8C93}.Release|Win32.ActiveCfg = Release|Win32
		{17D5572F-8057-47B2-B59B-00EC040B8C93}.Release|Win32.Build.0 = Release|Win32
		{17D5572F-8057-47B2-B59B-00EC040B8C93}.Template|Win32.ActiveCfg = Release|Win32
		{17D5572F-8057-47B2-B59B-00EC040B8C93}.Template|Win32.Build.0 = Release|Win32
		{5E72DE7E-0749-48CE-BE4B-2A8DAC18CED1}.ChartCtrlLibS|Win32.ActiveCfg = Release|Win32
		{5E72DE7E-0749-48CE-BE4B-2A8DAC18CED1}.ChartCtrlLibS|Win32.Build.0 = Release|Win32
		{5E72DE7E-0749-48CE-BE4B-2A8DAC18CED1}.Debug|Win32.ActiveCfg = Debug|Win32
		{5E72DE7E-0749-48CE-BE4B-2A8DAC18CED1}.Debug|Win32.Build.0 = Debug|Win32
		{5E72DE7E-0749-48CE-BE4B-2A8DAC18CED1}.Release|Win32.ActiveCfg = Release|Win32
		{5E72DE7E-0749-48CE-BE4B-2A8DAC18CED1}.Release|Win32.Build.0 = Release|Win32
		{5E72DE7E-0749-48CE-BE4B-2A8DAC18CED1}.Template|Win32.ActiveCfg = Release|Win32
		{5E72DE7E-0749-48CE-BE4B-2A8DAC18CED1}.Template|Win32.Build.0 = Release|Win32
		{3536196F-8B42-4DCB-A47F-51835D99C958}.ChartCtrlLibS|Win32.ActiveCfg = Template|Win32
		{3536196F-8B42-4DCB-A47F-51835D99C958}.ChartCtrlLibS|Win32.Build.0 = Template|Win32
		{3536196F-8B42-4DCB-A47F-51835D99C958}.Debug|Win32.ActiveCfg = Debug|Win32
		{3536196F-8B42-4DCB-A47F-51835D99C958}.Debug|Win32.Build.0 = Debug|Win32
		{3536196F-8B42-4DCB-A47F-51835D99C958}.Release|Win32.ActiveCfg = Release|Win32
		{3536196F-8B42-4DCB-A47F-51835D99C958}.Release|Win32.Build.0 = Release|Win32
		{3536196F-8B42-4DCB-A47F-51835D99C958}.Template|Win32.ActiveCfg = Template|Win32
		{3536196F-8B42-4DCB-A47F-51835D99C958}.Template|Win32.Build.0 = Template|Win32
		{C62FEEA0-C810-45F7-9EEC-DF881FE66C63}.ChartCtrlLibS|Win32.ActiveCfg = Release|Win32
		{C62FEEA0-C810-45F7-9EEC-DF881FE66C63}.ChartCtrlLibS|Win32.Build.0 = Release|Win32
		{C62FEEA0-C810-45F7-9EEC-DF881FE66C63}.Debug|Win32.ActiveCfg = Debug|Win32
		{C62FEEA0-C810-45F7-9EEC-DF881FE66C63}.Debug|Win32.Build.0 = Debug|Win32
		{C62FEEA0-C810-45F7-9EEC-DF881FE66C63}.Release|Win32.ActiveCfg = Release|Win32
		{C62FEEA0-C810-45F7-9EEC-DF881FE66C63}.Release|Win32.Build.0 = Release|Win32
		{C62FEEA0-C810-45F7-9EEC-DF881FE66C63}.Template|Win32.ActiveCfg = Release|Win32
		{C62FEEA0-C810-45F7-9EEC-DF881FE66C63}.Template|Win32.Build.0 = Release|Win32
		{08C78A6E-3B49-4458-836C-093C68DA6E3A}.ChartCtrlLibS|Win32.ActiveCfg = Template|Win32
		{08C78A6E-3B49-4458-836C-093C68DA6E3A}.ChartCtrlLibS|Win32.Build.0 = Template|Win32
		{08C78A6E-3B49-4458-836C-093C68DA6E3A}.Debug|Win32.ActiveCfg = Debug|Win32
		{08C78A6E-3B49-4458-836C-093C68DA6E3A}.Debug|Win32.Build.0 = Debug|Win32
		{08C78A6E-3B49-4458-836C-093C68DA6E3A}.Release|Win32.ActiveCfg = Release|Win32
		{08C78A6E-3B49-4458-836C-093C68DA6E3A}.Release|Win32.Build.0 = Release|Win32
		{08C78A6E-3B49-4458-836C-093C68DA6E3A}.Template|Win32.ActiveCfg = Template|Win32
		{08C78A6E-3B49-4458-836C-093C68DA6E3A}.Template|Win32.Build.0 = Template|Win32
		{027EE01B-1D8A-4195-917B-BF7341F8820C}.ChartCtrlLibS|Win32.ActiveCfg = Template|Win32
		{027EE01B-1D8A-4195-917B-BF7341F8820C}.ChartCtrlLibS|Win32.Build.0 = Template|Win32
		{027EE01B-1D8A-4195-917B-BF7341F8820C}.Debug|Win32.ActiveCfg = Debug|Win32
		{027EE01B-1D8A-4195-917B-BF7341F8820C}.Debug|Win32.Build.0 = Debug|Win32
		{027EE01B-1D8A-4195-917B-BF7341F8820C}.Release|Win32.ActiveCfg = Release|Win32
		{027EE01B-1D8A-4195-917B-BF7341F8820C}.Release|Win32.Build.0 = Release|Win32
		{027EE01B-1D8A-4195-917B-BF7341F8820C}.Template|Win32.ActiveCfg = Template|Win32
		{027EE01B-1D8A-4195-917B-BF7341F8820C}.Template|Win32.Build.0 = Template|Win32
		{C5E37B63-A426-4915-8B5B-CB20CAFE036B}.ChartCtrlLibS|Win32.ActiveCfg = Template|Win32
		{C5E37B63-A426-4915-8B5B-CB20CAFE036B}.ChartCtrlLibS|Win32.Build.0 = Template|Win32
		{C5E37B63-A426-4915-8B5B-CB20CAFE036B}.Debug|Win32.ActiveCfg = Debug|Win32
		{C5E37B63-A426-4915-8B5B-CB20CAFE036B}.Debug|Win32.Build.0 = Debug|Win32
		{C5E37B63-A426-4915-8B5B-CB20CAFE036B}.Release|Win32.ActiveCfg = Release|Win32
		{C5E37B63-A426-4915-8B5B-CB20CAFE036B}.Release|Win32.Build.0 = Release|Win32
		{C5E37B63-A426-4915-8B5B-CB20CAFE036B}.Template|Win32.ActiveCfg = Template|Win32
		{C5E37B63-A426-4915-8B5B-CB20CAFE036B}.Template|Win32.Build.0 = Template|Win32
		{255ED5F1-5029-41EC-8999-B0DBADBFFD2A}.ChartCtrlLibS|Win32.ActiveCfg = Template|Win32
		{255ED5F1-5029-41EC-8999-B0DBADBFFD2A}.ChartCtrlLibS|Win32.Build.0 = Template|Win32
		{255ED5F1-5029-41EC-8999-B0DBADBFFD2A}.Debug|Win32.ActiveCfg = Debug|Win32
		{255ED5F1-5029-41EC-8999-B0DBADBFFD2A}.Debug|Win32.Build.0 = Debug|Win32
		{255ED5F1-5029-41EC-8999-B0DBADBFFD2A}.Release|Win32.ActiveCfg = Release|Win32
		{255ED5F1-5029-41EC-8999-B0DBADBFFD2A}.Release|Win32.Build.0 = Release|Win32
		{255ED5F1-5029-41EC-8999-B0DBADBFFD2A}.Template|Win32.ActiveCfg = Template|Win32
		{255ED5F1-5029-41EC-8999-B0DBADBFFD2A}.Template|Win32.Build.0 = Template|Win32
		{83DC2003-D655-4F4C-8FCE-A7E86F017275}.ChartCtrlLibS|Win32.ActiveCfg = Template|Win32
		{83DC2003-D655-4F4C-8FCE-A7E86F017275}.ChartCtrlLibS|Win32.Build.0 = Template|Win32
		{83DC2003-D655-4F4C-8FCE-A7E86F017275}.Debug|Win32.ActiveCfg = Debug|Win32
		{83DC2003-D655-4F4C-8FCE-A7E86F017275}.Debug|Win32.Build.0 = Debug|Win32
		{83DC2003-D655-4F4C-8FCE-A7E86F017275}.Release|Win32.ActiveCfg = Release|Win32
		{83DC2003-D655-4F4C-8FCE-A7E86F017275}.Release|Win32.Build.0 = Release|Win32
		{83DC2003-D655-4F4C-8FCE-A7E86F017275}.Template|Win32.ActiveCfg = Template|Win32
		{83DC2003-D655-4F4C-8FCE-A7E86F017275}.Template|Win32.Build.0 = Template|Win32
		{FBCAFFC0-0A47-43BB-BA1D-C8FEDA2E6E41}.ChartCtrlLibS|Win32.ActiveCfg = Template|Win32
		{FBCAFFC0-0A47-43BB-BA1D-C8FEDA2E6E41}.ChartCtrlLibS|Win32.Build.0 = Template|Win32
		{FBCAFFC0-0A47-43BB-BA1D-C8FEDA2E6E41}.Debug|Win32.ActiveCfg = Debug|Win32
		{FBCAFFC0-0A47-43BB-BA1D-C8FEDA2E6E41}.Debug|Win32.Build.0 = Debug|Win32
		{FBCAFFC0-0A47-43BB-BA1D-C8FEDA2E6E41}.Release|Win32.ActiveCfg = Release|Win32
		{FBCAFFC0-0A47-43BB-BA1D-C8FEDA2E6E41}.Release|Win32.Build.0 = Release|Win32
		{FBCAFFC0-0A47-43BB-BA1D-C8FEDA2E6E41}.Template|Win32.ActiveCfg = Template|Win32
		{FBCAFFC0-0A47-43BB-BA1D-C8FEDA2E6E41}.Template|Win32.Build.0 = Template|Win32
		{CC18A85E-462B-4DFF-8384-454D4A7835DF}.ChartCtrlLibS|Win32.ActiveCfg = Template|Win32
		{CC18A85E-462B-4DFF-8384-454D4A7835DF}.ChartCtrlLibS|Win32.Build.0 = Template|Win32
		{CC18A85E-462B-4DFF-8384-454D4A7835DF}.Debug|Win32.ActiveCfg = Debug|Win32
		{CC18A85E-462B-4DFF-8384-454D4A7835DF}.Debug|Win32.Build.0 = Debug|Win32
		{CC18A85E-462B-4DFF-8384-454D4A7835DF}.Release|Win32.ActiveCfg = Release|Win32
		{CC18A85E-462B-4DFF-8384-454D4A7835DF}.Release|Win32.Build.0 = Release|Win32
		{CC18A85E-462B-4DFF-8384-454D4A7835DF}.Template|Win32.ActiveCfg = Template|Win32
		{CC18A85E-462B-4DFF-8384-454D4A7835DF}.Template|Win32.Build.0 = Template|Win32
		{BCFADEDB-BD1D-4CAF-931A-CFD59B3EF2FE}.ChartCtrlLibS|Win32.ActiveCfg = Template|Win32
		{BCFADEDB-BD1D-4CAF-931A-CFD59B3EF2FE}.ChartCtrlLibS|Win32.Build.0 = Template|Win32
		{BCFADEDB-BD1D-4CAF-931A-CFD59B3EF2FE}.Debug|Win32.ActiveCfg = Debug|Win32
		{BCFADEDB-BD1D-4CAF-931A-CFD59B3EF2FE}.Debug|Win32.Build.0 = Debug|Win32
		{BCFADEDB-BD1D-4CAF-931A-CFD59B3EF2FE}.Release|Win32.ActiveCfg = Release|Win32
		{BCFADEDB-BD1D-4CAF-931A-CFD59B3EF2FE}.Release|Win32.Build.0 = Release|Win32
		{BCFADEDB-BD1D-4CAF-931A-CFD59B3EF2FE}.Template|Win32.ActiveCfg = Template|Win32
		{BCFADEDB-BD1D-4CAF-931A-CFD59B3EF2FE}.Template|Win32.Build.0 = Template|Win32
		{9CD221F3-528F-43F7-946C-4984768336C7}.ChartCtrlLibS|Win32.ActiveCfg = Template|Win32
		{9CD221F3-528F-43F7-946C-4984768336C7}.ChartCtrlLibS|Win32.Build.0 = Template|Win32
		{9CD221F3-528F-43F7-946C-4984768336C7}.Debug|Win32.ActiveCfg = Debug|Win32
		{9CD221F3-528F-43F7-946C-4984768336C7}.Debug|Win32.Build.0 = Debug|Win32
		{9CD221F3-528F-43F7-946C-4984768336C7}.Release|Win32.ActiveCfg = Release|Win32
		{9CD221F3-528F-43F7-946C-4984768336C7}.Release|Win32.Build.0 = Release|Win32
		{9CD221F3-528F-43F7-946C-4984768336C7}.Template|Win32.ActiveCfg = Template|Win32
		{9CD221F3-528F-43F7-946C-4984768336C7}.Template|Win32.Build.0 = Template|Win32
		{8DC7EA98-E1FE-4CB0-AF8F-F3347CF3754A}.ChartCtrlLibS|Win32.ActiveCfg = Template|Win32
		{8DC7EA98-E1FE-4CB0-AF8F-F3347CF3754A}.ChartCtrlLibS|Win32.Build.0 = Template|Win32
		{8DC7EA98-E1FE-4CB0-AF8F-F3347CF3754A}.Debug|Win32.ActiveCfg = Debug|Win32
		{8DC7EA98-E1FE-4CB0-AF8F-F3347CF3754A}.Debug|Win32.Build.0 = Debug|Win32
		{8DC7EA98-E1FE-4CB0-AF8F-F3347CF3754A}.Release|Win32.ActiveCfg = Release|Win32
		{8DC7EA98-E1FE-4CB0-AF8F-F3347CF3754A}.Release|Win32.Build.0 = Release|Win32
		{8DC7EA98-E1FE-4CB0-AF8F-F3347CF3754A}.Template|Win32.ActiveCfg = Template|Win32
		{8DC7EA98-E1FE-4CB0-AF8F-F3347CF3754A}.Template|Win32.Build.0 = Template|Win32
		{A1C9B409-2283-433E-A1E8-DF4121E6E6D4}.ChartCtrlLibS|Win32.ActiveCfg = Template|Win32
		{A1C9B409-2283-433E-A1E8-DF4121E6E6D4}.ChartCtrlLibS|Win32.Build.0 = Template|Win32
		{A1C9B409-2283-433E-A1E8-DF4121E6E6D4}.Debug|Win32.ActiveCfg = Debug|Win32
		{A1C9B409-2283-433E-A1E8-DF4121E6E6D4}.Debug|Win32.Build.0 = Debug|Win32
		{A1C9B409-2283-433E-A1E8-DF4121E6E6D4}.Release|Win32.ActiveCfg = Release|Win32
		{A1C9B409-2283-433E-A1E8-DF4121E6E6D4}.Release|Win32.Build.0 = Release|Win32
		{A1C9B409-2283-433E-A1E8-DF4121E6E6D4}.Template|Win32.ActiveCfg = Template|Win32
		{A1C9B409-2283-433E-A1E8-DF4121E6E6D4}.Template|Win32.Build.0 = Template|Win32
		{0D98472F-3DF3-4C36-92AC-AB7D0FE19978}.ChartCtrlLibS|Win32.ActiveCfg = Release|Win32
		{0D98472F-3DF3-4C36-92AC-AB7D0FE19978}.ChartCtrlLibS|Win32.Build.0 = Release|Win32
		{0D98472F-3DF3-4C36-92AC-AB7D0FE19978}.Debug|Win32.ActiveCfg = Debug|Win32
		{0D98472F-3DF3-4C36-92AC-AB7D0FE19978}.Debug|Win32.Build.0 = Debug|Win32
		{0D98472F-3DF3-4C36-92AC-AB7D0FE19978}.Release|Win32.ActiveCfg = Release|Win32
		{0D98472F-3DF3-4C36-92AC-AB7D0FE19978}.Release|Win32.Build.0 = Release|Win32
		{0D98472F-3DF3-4C36-92AC-AB7D0FE19978}.Template|Win32.ActiveCfg = Release|Win32
		{0D98472F-3DF3-4C36-92AC-AB7D0FE19978}.Template|Win32.Build.0 = Release|Win32
		{191E6D06-367E-4323-8D6C-BC76253B7CDF}.ChartCtrlLibS|Win32.ActiveCfg = Template|Win32
		{191E6D06-367E-4323-8D6C-BC76253B7CDF}.ChartCtrlLibS|Win32.Build.0 = Template|Win32
		{191E6D06-367E-4323-8D6C-BC76253B7CDF}.Debug|Win32.ActiveCfg = Debug|Win32
		{191E6D06-367E-4323-8D6C-BC76253B7CDF}.Debug|Win32.Build.0 = Debug|Win32
		{191E6D06-367E-4323-8D6C-BC76253B7CDF}.Release|Win32.ActiveCfg = Release|Win32
		{191E6D06-367E-4323-8D6C-BC76253B7CDF}.Release|Win32.Build.0 = Release|Win32
		{191E6D06-367E-4323-8D6C-BC76253B7CDF}.Template|Win32.ActiveCfg = Template|Win32
		{191E6D06-367E-4323-8D6C-BC76253B7CDF}.Template|Win32.Build.0 = Template|Win32
		{ACE31683-E4BB-4D82-82E7-4FE053B04D6B}.ChartCtrlLibS|Win32.ActiveCfg = Release|Win32
		{ACE31683-E4BB-4D82-82E7-4FE053B04D6B}.ChartCtrlLibS|Win32.Build.0 = Release|Win32
		{ACE31683-E4BB-4D82-82E7-4FE053B04D6B}.Debug|Win32.ActiveCfg = Debug|Win32
		{ACE31683-E4BB-4D82-82E7-4FE053B04D6B}.Debug|Win32.Build.0 = Debug|Win32
		{ACE31683-E4BB-4D82-82E7-4FE053B04D6B}.Release|Win32.ActiveCfg = Release|Win32
		{ACE31683-E4BB-4D82-82E7-4FE053B04D6B}.Release|Win32.Build.0 = Release|Win32
		{ACE31683-E4BB-4D82-82E7-4FE053B04D6B}.Template|Win32.ActiveCfg = Release|Win32
		{ACE31683-E4BB-4D82-82E7-4FE053B04D6B}.Template|Win32.Build.0 = Release|Win32
		{D5541FC9-F8FD-4C02-AC42-88EBC5E4A11E}.ChartCtrlLibS|Win32.ActiveCfg = Release|Win32
		{D5541FC9-F8FD-4C02-AC42-88EBC5E4A11E}.ChartCtrlLibS|Win32.Build.0 = Release|Win32
		{D5541FC9-F8FD-4C02-AC42-88EBC5E4A11E}.Debug|Win32.ActiveCfg = Debug|Win32
		{D5541FC9-F8FD-4C02-AC42-88EBC5E4A11E}.Debug|Win32.Build.0 = Debug|Win32
		{D5541FC9-F8FD-4C02-AC42-88EBC5E4A11E}.Release|Win32.ActiveCfg = Release|Win32
		{D5541FC9-F8FD-4C02-AC42-88EBC5E4A11E}.Release|Win32.Build.0 = Release|Win32
		{D5541FC9-F8FD-4C02-AC42-88EBC5E4A11E}.Template|Win32.ActiveCfg = Release|Win32
		{D5541FC9-F8FD-4C02-AC42-88EBC5E4A11E}.Template|Win32.Build.0 = Release|Win32
		{14006EAC-6696-424A-99D8-0FBDA18431A9}.ChartCtrlLibS|Win32.ActiveCfg = Template|Win32
		{14006EAC-6696-424A-99D8-0FBDA18431A9}.ChartCtrlLibS|Win32.Build.0 = Template|Win32
		{14006EAC-6696-424A-99D8-0FBDA18431A9}.Debug|Win32.ActiveCfg = Debug|Win32
		{14006EAC-6696-424A-99D8-0FBDA18431A9}.Debug|Win32.Build.0 = Debug|Win32
		{14006EAC-6696-424A-99D8-0FBDA18431A9}.Release|Win32.ActiveCfg = Release|Win32
		{14006EAC-6696-424A-99D8-0FBDA18431A9}.Release|Win32.Build.0 = Release|Win32
		{14006EAC-6696-424A-99D8-0FBDA18431A9}.Template|Win32.ActiveCfg = Template|Win32
		{14006EAC-6696-424A-99D8-0FBDA18431A9}.Template|Win32.Build.0 = Template|Win32
		{6DC4CA22-0B16-442E-86EE-C2CD4C06068E}.ChartCtrlLibS|Win32.ActiveCfg = Template|Win32
		{6DC4CA22-0B16-442E-86EE-C2CD4C06068E}.ChartCtrlLibS|Win32.Build.0 = Template|Win32
		{6DC4CA22-0B16-442E-86EE-C2CD4C06068E}.Debug|Win32.ActiveCfg = Debug|Win32
		{6DC4CA22-0B16-442E-86EE-C2CD4C06068E}.Debug|Win32.Build.0 = Debug|Win32
		{6DC4CA22-0B16-442E-86EE-C2CD4C06068E}.Release|Win32.ActiveCfg = Release|Win32
		{6DC4CA22-0B16-442E-86EE-C2CD4C06068E}.Release|Win32.Build.0 = Release|Win32
		{6DC4CA22-0B16-442E-86EE-C2CD4C06068E}.Template|Win32.ActiveCfg = Template|Win32
		{6DC4CA22-0B16-442E-86EE-C2CD4C06068E}.Template|Win32.Build.0 = Template|Win32
		{922A7CBF-2382-40BA-B2EC-151689C511E0}.ChartCtrlLibS|Win32.ActiveCfg = Template|Win32
		{922A7CBF-2382-40BA-B2EC-151689C511E0}.ChartCtrlLibS|Win32.Build.0 = Template|Win32
		{922A7CBF-2382-40BA-B2EC-151689C511E0}.Debug|Win32.ActiveCfg = Debug|Win32
		{922A7CBF-2382-40BA-B2EC-151689C511E0}.Debug|Win32.Build.0 = Debug|Win32
		{922A7CBF-2382-40BA-B2EC-151689C511E0}.Release|Win32.ActiveCfg = Release|Win32
		{922A7CBF-2382-40BA-B2EC-151689C511E0}.Release|Win32.Build.0 = Release|Win32
		{922A7CBF-2382-40BA-B2EC-151689C511E0}.Template|Win32.ActiveCfg = Template|Win32
		{922A7CBF-2382-40BA-B2EC-151689C511E0}.Template|Win32.Build.0 = Template|Win32
		{BB038E46-8C70-41A9-9BE8-C585A49C245A}.ChartCtrlLibS|Win32.ActiveCfg = Template|Win32
		{BB038E46-8C70-41A9-9BE8-C585A49C245A}.ChartCtrlLibS|Win32.Build.0 = Template|Win32
		{BB038E46-8C70-41A9-9BE8-C585A49C245A}.Debug|Win32.ActiveCfg = Debug|Win32
		{BB038E46-8C70-41A9-9BE8-C585A49C245A}.Debug|Win32.Build.0 = Debug|Win32
		{BB038E46-8C70-41A9-9BE8-C585A49C245A}.Release|Win32.ActiveCfg = Release|Win32
		{BB038E46-8C70-41A9-9BE8-C585A49C245A}.Release|Win32.Build.0 = Release|Win32
		{BB038E46-8C70-41A9-9BE8-C585A49C245A}.Template|Win32.ActiveCfg = Template|Win32
		{BB038E46-8C70-41A9-9BE8-C585A49C245A}.Template|Win32.Build.0 = Template|Win32
		{DA402EE6-F8B6-48FA-9D02-EDE59666EDFD}.ChartCtrlLibS|Win32.ActiveCfg = Release|Win32
		{DA402EE6-F8B6-48FA-9D02-EDE59666EDFD}.ChartCtrlLibS|Win32.Build.0 = Release|Win32
		{DA402EE6-F8B6-48FA-9D02-EDE59666EDFD}.Debug|Win32.ActiveCfg = Debug|Win32
		{DA402EE6-F8B6-48FA-9D02-EDE59666EDFD}.Debug|Win32.Build.0 = Debug|Win32
		{DA402EE6-F8B6-48FA-9D02-EDE59666EDFD}.Release|Win32.ActiveCfg = Release|Win32
		{DA402EE6-F8B6-48FA-9D02-EDE59666EDFD}.Release|Win32.Build.0 = Release|Win32
		{DA402EE6-F8B6-48FA-9D02-EDE59666EDFD}.Template|Win32.ActiveCfg = Release|Win32
		{DA402EE6-F8B6-48FA-9D02-EDE59666EDFD}.Template|Win32.Build.0 = Release|Win32
		{3252F7A5-2703-48B6-90EF-8FEE7ACD09D1}.ChartCtrlLibS|Win32.ActiveCfg = Template|Win32
		{3252F7A5-2703-48B6-90EF-8FEE7ACD09D1}.ChartCtrlLibS|Win32.Build.0 = Template|Win32
		{3252F7A5-2703-48B6-90EF-8FEE7ACD09D1}.Debug|Win32.ActiveCfg = Debug|Win32
		{3252F7A5-2703-48B6-90EF-8FEE7ACD09D1}.Debug|Win32.Build.0 = Debug|Win32
		{3252F7A5-2703-48B6-90EF-8FEE7ACD09D1}.Release|Win32.ActiveCfg = Release|Win32
		{3252F7A5-2703-48B6-90EF-8FEE7ACD09D1}.Release|Win32.Build.0 = Release|Win32
		{3252F7A5-2703-48B6-90EF-8FEE7ACD09D1}.Template|Win32.ActiveCfg = Template|Win32
		{3252F7A5-2703-48B6-90EF-8FEE7ACD09D1}.Template|Win32.Build.0 = Template|Win32
		{3679FD7C-66B5-4C58-95CE-B57C8DE6DBE3}.ChartCtrlLibS|Win32.ActiveCfg = Release|Win32
		{3679FD7C-66B5-4C58-95CE-B57C8DE6DBE3}.ChartCtrlLibS|Win32.Build.0 = Release|Win32
		{3679FD7C-66B5-4C58-95CE-B57C8DE6DBE3}.Debug|Win32.ActiveCfg = Debug|Win32
		{3679FD7C-66B5-4C58-95CE-B57C8DE6DBE3}.Debug|Win32.Build.0 = Debug|Win32
		{3679FD7C-66B5-4C58-95CE-B57C8DE6DBE3}.Release|Win32.ActiveCfg = Release|Win32
		{3679FD7C-66B5-4C58-95CE-B57C8DE6DBE3}.Release|Win32.Build.0 = Release|Win32
		{3679FD7C-66B5-4C58-95CE-B57C8DE6DBE3}.Template|Win32.ActiveCfg = Release|Win32
		{3679FD7C-66B5-4C58-95CE-B57C8DE6DBE3}.Template|Win32.Build.0 = Release|Win32
		{C052484C-8677-46DC-88FD-6EDEBA9B787C}.ChartCtrlLibS|Win32.ActiveCfg = Release|Win32
		{C052484C-8677-46DC-88FD-6EDEBA9B787C}.ChartCtrlLibS|Win32.Build.0 = Release|Win32
		{C052484C-8677-46DC-88FD-6EDEBA9B787C}.Debug|Win32.ActiveCfg = Debug|Win32
		{C052484C-8677-46DC-88FD-6EDEBA9B787C}.Debug|Win32.Build.0 = Debug|Win32
		{C052484C-8677-46DC-88FD-6EDEBA9B787C}.Release|Win32.ActiveCfg = Release|Win32
		{C052484C-8677-46DC-88FD-6EDEBA9B787C}.Release|Win32.Build.0 = Release|Win32
		{C052484C-8677-46DC-88FD-6EDEBA9B787C}.Template|Win32.ActiveCfg = Release|Win32
		{C052484C-8677-46DC-88FD-6EDEBA9B787C}.Template|Win32.Build.0 = Release|Win32
		{E44A976F-AF7D-404E-BE95-B84655D5B265}.ChartCtrlLibS|Win32.ActiveCfg = Template|Win32
		{E44A976F-AF7D-404E-BE95-B84655D5B265}.ChartCtrlLibS|Win32.Build.0 = Template|Win32
		{E44A976F-AF7D-404E-BE95-B84655D5B265}.Debug|Win32.ActiveCfg = Debug|Win32
		{E44A976F-AF7D-404E-BE95-B84655D5B265}.Debug|Win32.Build.0 = Debug|Win32
		{E44A976F-AF7D-404E-BE95-B84655D5B265}.Release|Win32.ActiveCfg = Release|Win32
		{E44A976F-AF7D-404E-BE95-B84655D5B265}.Release|Win32.Build.0 = Release|Win32
		{E44A976F-AF7D-404E-BE95-B84655D5B265}.Template|Win32.ActiveCfg = Template|Win32
		{E44A976F-AF7D-404E-BE95-B84655D5B265}.Template|Win32.Build.0 = Template|Win32
		{0E681B22-76D5-4990-9064-BE447F90AD79}.ChartCtrlLibS|Win32.ActiveCfg = Release|Win32
		{0E681B22-76D5-4990-9064-BE447F90AD79}.ChartCtrlLibS|Win32.Build.0 = Release|Win32
		{0E681B22-76D5-4990-9064-BE447F90AD79}.Debug|Win32.ActiveCfg = Debug|Win32
		{0E681B22-76D5-4990-9064-BE447F90AD79}.Debug|Win32.Build.0 = Debug|Win32
		{0E681B22-76D5-4990-9064-BE447F90AD79}.Release|Win32.ActiveCfg = Release|Win32
		{0E681B22-76D5-4990-9064-BE447F90AD79}.Release|Win32.Build.0 = Release|Win32
		{0E681B22-76D5-4990-9064-BE447F90AD79}.Template|Win32.ActiveCfg = Release|Win32
		{0E681B22-76D5-4990-9064-BE447F90AD79}.Template|Win32.Build.0 = Release|Win32
		{F74A59C5-86E9-442B-98F4-EEE609B641AB}.ChartCtrlLibS|Win32.ActiveCfg = Release|Win32
		{F74A59C5-86E9-442B-98F4-EEE609B641AB}.ChartCtrlLibS|Win32.Build.0 = Release|Win32
		{F74A59C5-86E9-442B-98F4-EEE609B641AB}.Debug|Win32.ActiveCfg = Debug|Win32
		{F74A59C5-86E9-442B-98F4-EEE609B641AB}.Debug|Win32.Build.0 = Debug|Win32
		{F74A59C5-86E9-442B-98F4-EEE609B641AB}.Release|Win32.ActiveCfg = Release|Win32
		{F74A59C5-86E9-442B-98F4-EEE609B641AB}.Release|Win32.Build.0 = Release|Win32
		{F74A59C5-86E9-442B-98F4-EEE609B641AB}.Template|Win32.ActiveCfg = Release|Win32
		{F74A59C5-86E9-442B-98F4-EEE609B641AB}.Template|Win32.Build.0 = Release|Win32
		{D88830D9-ADFE-47B5-A17E-329E09B15283}.ChartCtrlLibS|Win32.ActiveCfg = Release|Win32
		{D88830D9-ADFE-47B5-A17E-329E09B15283}.ChartCtrlLibS|Win32.Build.0 = Release|Win32
		{D88830D9-ADFE-47B5-A17E-329E09B15283}.Debug|Win32.ActiveCfg = Debug|Win32
		{D88830D9-ADFE-47B5-A17E-329E09B15283}.Debug|Win32.Build.0 = Debug|Win32
		{D88830D9-ADFE-47B5-A17E-329E09B15283}.Release|Win32.ActiveCfg = Release|Win32
		{D88830D9-ADFE-47B5-A17E-329E09B15283}.Release|Win32.Build.0 = Release|Win32
		{D88830D9-ADFE-47B5-A17E-329E09B15283}.Template|Win32.ActiveCfg = Release|Win32
		{D88830D9-ADFE-47B5-A17E-329E09B15283}.Template|Win32.Build.0 = Release|Win32
		{5562C319-8051-4DAA-BD9D-2812EAEF3E67}.ChartCtrlLibS|Win32.ActiveCfg = Release|Win32
		{5562C319-8051-4DAA-BD9D-2812EAEF3E67}.ChartCtrlLibS|Win32.Build.0 = Release|Win32
		{5562C319-8051-4DAA-BD9D-2812EAEF3E67}.Debug|Win32.ActiveCfg = Debug|Win32
		{5562C319-8051-4DAA-BD9D-2812EAEF3E67}.Debug|Win32.Build.0 = Debug|Win32
		{5562C319-8051-4DAA-BD9D-2812EAEF3E67}.Release|Win32.ActiveCfg = Release|Win32
		{5562C319-8051-4DAA-BD9D-2812EAEF3E67}.Release|Win32.Build.0 = Release|Win32
		{5562C319-8051-4DAA-BD9D-2812EAEF3E67}.Template|Win32.ActiveCfg = Release|Win32
		{5562C319-8051-4DAA-BD9D-2812EAEF3E67}.Template|Win32.Build.0 = Release|Win32
		{7E4F0FF3-19B9-4211-A77C-92174EFEEBFC}.ChartCtrlLibS|Win32.ActiveCfg = Template|Win32
		{7E4F0FF3-19B9-4211-A77C-92174EFEEBFC}.ChartCtrlLibS|Win32.Build.0 = Template|Win32
		{7E4F0FF3-19B9-4211-A77C-92174EFEEBFC}.Debug|Win32.ActiveCfg = Debug|Win32
		{7E4F0FF3-19B9-4211-A77C-92174EFEEBFC}.Debug|Win32.Build.0 = Debug|Win32
		{7E4F0FF3-19B9-4211-A77C-92174EFEEBFC}.Release|Win32.ActiveCfg = Release|Win32
		{7E4F0FF3-19B9-4211-A77C-92174EFEEBFC}.Release|Win32.Build.0 = Release|Win32
		{7E4F0FF3-19B9-4211-A77C-92174EFEEBFC}.Template|Win32.ActiveCfg = Template|Win32
		{7E4F0FF3-19B9-4211-A77C-92174EFEEBFC}.Template|Win32.Build.0 = Template|Win32
		{B407EEC9-7C6D-4DE0-B2BA-32033D02F882}.ChartCtrlLibS|Win32.ActiveCfg = Template|Win32
		{B407EEC9-7C6D-4DE0-B2BA-32033D02F882}.ChartCtrlLibS|Win32.Build.0 = Template|Win32
		{B407EEC9-7C6D-4DE0-B2BA-32033D02F882}.Debug|Win32.ActiveCfg = Debug|Win32
		{B407EEC9-7C6D-4DE0-B2BA-32033D02F882}.Debug|Win32.Build.0 = Debug|Win32
		{B407EEC9-7C6D-4DE0-B2BA-32033D02F882}.Release|Win32.ActiveCfg = Release|Win32
		{B407EEC9-7C6D-4DE0-B2BA-32033D02F882}.Release|Win32.Build.0 = Release|Win32
		{B407EEC9-7C6D-4DE0-B2BA-32033D02F882}.Template|Win32.ActiveCfg = Template|Win32
		{B407EEC9-7C6D-4DE0-B2BA-32033D02F882}.Template|Win32.Build.0 = Template|Win32
		{716DAB72-0E39-4A72-9683-C65E3BCC7839}.ChartCtrlLibS|Win32.ActiveCfg = Template|Win32
		{716DAB72-0E39-4A72-9683-C65E3BCC7839}.ChartCtrlLibS|Win32.Build.0 = Template|Win32
		{716DAB72-0E39-4A72-9683-C65E3BCC7839}.Debug|Win32.ActiveCfg = Debug|Win32
		{716DAB72-0E39-4A72-9683-C65E3BCC7839}.Debug|Win32.Build.0 = Debug|Win32
		{716DAB72-0E39-4A72-9683-C65E3BCC7839}.Release|Win32.ActiveCfg = Release|Win32
		{716DAB72-0E39-4A72-9683-C65E3BCC7839}.Release|Win32.Build.0 = Release|Win32
		{716DAB72-0E39-4A72-9683-C65E3BCC7839}.Template|Win32.ActiveCfg = Template|Win32
		{716DAB72-0E39-4A72-9683-C65E3BCC7839}.Template|Win32.Build.0 = Template|Win32
		{996EEA34-EA33-4FC3-9DA3-315C30103867}.ChartCtrlLibS|Win32.ActiveCfg = Template|Win32
		{996EEA34-EA33-4FC3-9DA3-315C30103867}.ChartCtrlLibS|Win32.Build.0 = Template|Win32
		{996EEA34-EA33-4FC3-9DA3-315C30103867}.Debug|Win32.ActiveCfg = Debug|Win32
		{996EEA34-EA33-4FC3-9DA3-315C30103867}.Debug|Win32.Build.0 = Debug|Win32
		{996EEA34-EA33-4FC3-9DA3-315C30103867}.Release|Win32.ActiveCfg = Release|Win32
		{996EEA34-EA33-4FC3-9DA3-315C30103867}.Release|Win32.Build.0 = Release|Win32
		{996EEA34-EA33-4FC3-9DA3-315C30103867}.Template|Win32.ActiveCfg = Template|Win32
		{996EEA34-EA33-4FC3-9DA3-315C30103867}.Template|Win32.Build.0 = Template|Win32
		{B29429FF-7FA9-4FCA-875F-9CB0ECDC8CE5}.ChartCtrlLibS|Win32.ActiveCfg = Release|Win32
		{B29429FF-7FA9-4FCA-875F-9CB0ECDC8CE5}.ChartCtrlLibS|Win32.Build.0 = Release|Win32
		{B29429FF-7FA9-4FCA-875F-9CB0ECDC8CE5}.Debug|Win32.ActiveCfg = Debug|Win32
		{B29429FF-7FA9-4FCA-875F-9CB0ECDC8CE5}.Debug|Win32.Build.0 = Debug|Win32
		{B29429FF-7FA9-4FCA-875F-9CB0ECDC8CE5}.Release|Win32.ActiveCfg = Release|Win32
		{B29429FF-7FA9-4FCA-875F-9CB0ECDC8CE5}.Release|Win32.Build.0 = Release|Win32
		{B29429FF-7FA9-4FCA-875F-9CB0ECDC8CE5}.Template|Win32.ActiveCfg = Release|Win32
		{B29429FF-7FA9-4FCA-875F-9CB0ECDC8CE5}.Template|Win32.Build.0 = Release|Win32
		{EC86015B-2338-492E-BB47-F7E395F13E93}.ChartCtrlLibS|Win32.ActiveCfg = Release|Win32
		{EC86015B-2338-492E-BB47-F7E395F13E93}.ChartCtrlLibS|Win32.Build.0 = Release|Win32
		{EC86015B-2338-492E-BB47-F7E395F13E93}.Debug|Win32.ActiveCfg = Debug|Win32
		{EC86015B-2338-492E-BB47-F7E395F13E93}.Debug|Win32.Build.0 = Debug|Win32
		{EC86015B-2338-492E-BB47-F7E395F13E93}.Release|Win32.ActiveCfg = Release|Win32
		{EC86015B-2338-492E-BB47-F7E395F13E93}.Release|Win32.Build.0 = Release|Win32
		{EC86015B-2338-492E-BB47-F7E395F13E93}.Template|Win32.ActiveCfg = Release|Win32
		{EC86015B-2338-492E-BB47-F7E395F13E93}.Template|Win32.Build.0 = Release|Win32
		{B436C8E3-CE06-4B04-B76B-8F248253D3A3}.ChartCtrlLibS|Win32.ActiveCfg = Template|Win32
		{B436C8E3-CE06-4B04-B76B-8F248253D3A3}.ChartCtrlLibS|Win32.Build.0 = Template|Win32
		{B436C8E3-CE06-4B04-B76B-8F248253D3A3}.Debug|Win32.ActiveCfg = Debug|Win32
		{B436C8E3-CE06-4B04-B76B-8F248253D3A3}.Debug|Win32.Build.0 = Debug|Win32
		{B436C8E3-CE06-4B04-B76B-8F248253D3A3}.Release|Win32.ActiveCfg = Release|Win32
		{B436C8E3-CE06-4B04-B76B-8F248253D3A3}.Release|Win32.Build.0 = Release|Win32
		{B436C8E3-CE06-4B04-B76B-8F248253D3A3}.Template|Win32.ActiveCfg = Template|Win32
		{B436C8E3-CE06-4B04-B76B-8F248253D3A3}.Template|Win32.Build.0 = Template|Win32
		{B666E5B4-C00D-418A-A887-774816A7C3F8}.ChartCtrlLibS|Win32.ActiveCfg = Release|Win32
		{B666E5B4-C00D-418A-A887-774816A7C3F8}.ChartCtrlLibS|Win32.Build.0 = Release|Win32
		{B666E5B4-C00D-418A-A887-774816A7C3F8}.Debug|Win32.ActiveCfg = Debug|Win32
		{B666E5B4-C00D-418A-A887-774816A7C3F8}.Debug|Win32.Build.0 = Debug|Win32
		{B666E5B4-C00D-418A-A887-774816A7C3F8}.Release|Win32.ActiveCfg = Release|Win32
		{B666E5B4-C00D-418A-A887-774816A7C3F8}.Release|Win32.Build.0 = Release|Win32
		{B666E5B4-C00D-418A-A887-774816A7C3F8}.Template|Win32.ActiveCfg = Release|Win32
		{B666E5B4-C00D-418A-A887-774816A7C3F8}.Template|Win32.Build.0 = Release|Win32
		{DD5076BD-D8D6-4C90-8618-DD5147663C97}.ChartCtrlLibS|Win32.ActiveCfg = Template|Win32
		{DD5076BD-D8D6-4C90-8618-DD5147663C97}.ChartCtrlLibS|Win32.Build.0 = Template|Win32
		{DD5076BD-D8D6-4C90-8618-DD5147663C97}.Debug|Win32.ActiveCfg = Debug|Win32
		{DD5076BD-D8D6-4C90-8618-DD5147663C97}.Debug|Win32.Build.0 = Debug|Win32
		{DD5076BD-D8D6-4C90-8618-DD5147663C97}.Release|Win32.ActiveCfg = Release|Win32
		{DD5076BD-D8D6-4C90-8618-DD5147663C97}.Release|Win32.Build.0 = Release|Win32
		{DD5076BD-D8D6-4C90-8618-DD5147663C97}.Template|Win32.ActiveCfg = Template|Win32
		{DD5076BD-D8D6-4C90-8618-DD5147663C97}.Template|Win32.Build.0 = Template|Win32
		{9A76E757-92F9-4F9E-B01B-F70E3CBD5C01}.ChartCtrlLibS|Win32.ActiveCfg = Template|Win32
		{9A76E757-92F9-4F9E-B01B-F70E3CBD5C01}.ChartCtrlLibS|Win32.Build.0 = Template|Win32
		{9A76E757-92F9-4F9E-B01B-F70E3CBD5C01}.Debug|Win32.ActiveCfg = Debug|Win32
		{9A76E757-92F9-4F9E-B01B-F70E3CBD5C01}.Debug|Win32.Build.0 = Debug|Win32
		{9A76E757-92F9-4F9E-B01B-F70E3CBD5C01}.Release|Win32.ActiveCfg = Release|Win32
		{9A76E757-92F9-4F9E-B01B-F70E3CBD5C01}.Release|Win32.Build.0 = Release|Win32
		{9A76E757-92F9-4F9E-B01B-F70E3CBD5C01}.Template|Win32.ActiveCfg = Template|Win32
		{9A76E757-92F9-4F9E-B01B-F70E3CBD5C01}.Template|Win32.Build.0 = Template|Win32
		{1505D065-9017-48B1-BFA5-05040145708A}.ChartCtrlLibS|Win32.ActiveCfg = Template|Win32
		{1505D065-9017-48B1-BFA5-05040145708A}.ChartCtrlLibS|Win32.Build.0 = Template|Win32
		{1505D065-9017-48B1-BFA5-05040145708A}.Debug|Win32.ActiveCfg = Debug|Win32
		{1505D065-9017-48B1-BFA5-05040145708A}.Debug|Win32.Build.0 = Debug|Win32
		{1505D065-9017-48B1-BFA5-05040145708A}.Release|Win32.ActiveCfg = Release|Win32
		{1505D065-9017-48B1-BFA5-05040145708A}.Release|Win32.Build.0 = Release|Win32
		{1505D065-9017-48B1-BFA5-05040145708A}.Template|Win32.ActiveCfg = Template|Win32
		{1505D065-9017-48B1-BFA5-05040145708A}.Template|Win32.Build.0 = Template|Win32
		{F36A41D5-EEF0-4ED9-BDB3-4A2938E9BB2F}.ChartCtrlLibS|Win32.ActiveCfg = Template|Win32
		{F36A41D5-EEF0-4ED9-BDB3-4A2938E9BB2F}.ChartCtrlLibS|Win32.Build.0 = Template|Win32
		{F36A41D5-EEF0-4ED9-BDB3-4A2938E9BB2F}.Debug|Win32.ActiveCfg = Debug|Win32
		{F36A41D5-EEF0-4ED9-BDB3-4A2938E9BB2F}.Debug|Win32.Build.0 = Debug|Win32
		{F36A41D5-EEF0-4ED9-BDB3-4A2938E9BB2F}.Release|Win32.ActiveCfg = Release|Win32
		{F36A41D5-EEF0-4ED9-BDB3-4A2938E9BB2F}.Release|Win32.Build.0 = Release|Win32
		{F36A41D5-EEF0-4ED9-BDB3-4A2938E9BB2F}.Template|Win32.ActiveCfg = Template|Win32
		{F36A41D5-EEF0-4ED9-BDB3-4A2938E9BB2F}.Template|Win32.Build.0 = Template|Win32
		{5C4840AB-D889-4AB0-A73E-CEBD4007C895}.ChartCtrlLibS|Win32.ActiveCfg = Template|Win32
		{5C4840AB-D889-4AB0-A73E-CEBD4007C895}.ChartCtrlLibS|Win32.Build.0 = Template|Win32
		{5C4840AB-D889-4AB0-A73E-CEBD4007C895}.Debug|Win32.ActiveCfg = Debug|Win32
		{5C4840AB-D889-4AB0-A73E-CEBD4007C895}.Debug|Win32.Build.0 = Debug|Win32
		{5C4840AB-D889-4AB0-A73E-CEBD4007C895}.Release|Win32.ActiveCfg = Release|Win32
		{5C4840AB-D889-4AB0-A73E-CEBD4007C895}.Release|Win32.Build.0 = Release|Win32
		{5C4840AB-D889-4AB0-A73E-CEBD4007C895}.Template|Win32.ActiveCfg = Template|Win32
		{5C4840AB-D889-4AB0-A73E-CEBD4007C895}.Template|Win32.Build.0 = Template|Win32
		{6B53E175-050E-4EEA-9EBD-9EEA7D5E8715}.ChartCtrlLibS|Win32.ActiveCfg = Release|Win32
		{6B53E175-050E-4EEA-9EBD-9EEA7D5E8715}.ChartCtrlLibS|Win32.Build.0 = Release|Win32
		{6B53E175-050E-4EEA-9EBD-9EEA7D5E8715}.Debug|Win32.ActiveCfg = Debug|Win32
		{6B53E175-050E-4EEA-9EBD-9EEA7D5E8715}.Debug|Win32.Build.0 = Debug|Win32
		{6B53E175-050E-4EEA-9EBD-9EEA7D5E8715}.Release|Win32.ActiveCfg = Release|Win32
		{6B53E175-050E-4EEA-9EBD-9EEA7D5E8715}.Release|Win32.Build.0 = Release|Win32
		{6B53E175-050E-4EEA-9EBD-9EEA7D5E8715}.Template|Win32.ActiveCfg = Release|Win32
		{6B53E175-050E-4EEA-9EBD-9EEA7D5E8715}.Template|Win32.Build.0 = Release|Win32
	EndGlobalSection
	GlobalSection(SolutionProperties) = preSolution
		HideSolutionNode = FALSE
	EndGlobalSection
EndGlobal
