<?xml version="1.0" encoding="utf-8"?>
<Project ToolsVersion="4.0" xmlns="http://schemas.microsoft.com/developer/msbuild/2003">
  <ItemGroup>
    <Filter Include="Source Files">
      <UniqueIdentifier>{1a2a24b2-14e9-44f2-8d79-92f05d0326b0}</UniqueIdentifier>
      <Extensions>cpp;c;cxx;rc;def;r;odl;idl;hpj;bat</Extensions>
    </Filter>
    <Filter Include="Header Files">
      <UniqueIdentifier>{81defa8d-64c7-452f-8aa2-005333ee1b98}</UniqueIdentifier>
      <Extensions>h;hpp;hxx;hm;inl</Extensions>
    </Filter>
    <Filter Include="Resource Files">
      <UniqueIdentifier>{00cedbe6-0ee9-485c-9c38-6f7adc8b5607}</UniqueIdentifier>
      <Extensions>ico;cur;bmp;dlg;rc2;rct;bin;rgs;gif;jpg;jpeg;jpe</Extensions>
    </Filter>
  </ItemGroup>
  <ItemGroup>
    <ClCompile Include="CommVAC.cpp">
      <Filter>Source Files</Filter>
    </ClCompile>
    <ClCompile Include="StdAfx.cpp">
      <Filter>Source Files</Filter>
    </ClCompile>
    <ClCompile Include="VACObtain.cpp">
      <Filter>Source Files</Filter>
    </ClCompile>
    <ClCompile Include="IPCStatusDetector.cpp">
      <Filter>Source Files</Filter>
    </ClCompile>
    <ClCompile Include="CCGStatusDetector.cpp">
      <Filter>Source Files</Filter>
    </ClCompile>
    <ClCompile Include="CommonVACFunction.cpp">
      <Filter>Source Files</Filter>
    </ClCompile>
    <ClCompile Include="IPGStatusDetector.cpp">
      <Filter>Source Files</Filter>
    </ClCompile>
    <ClCompile Include="BoardStatusDetector.cpp">
      <Filter>Source Files</Filter>
    </ClCompile>
    <ClCompile Include="WPCStatusDetector.cpp">
      <Filter>Source Files</Filter>
    </ClCompile>
    <ClCompile Include="CRC_Calc.cpp">
      <Filter>Source Files</Filter>
    </ClCompile>
  </ItemGroup>
  <ItemGroup>
    <ResourceCompile Include="VACObtain.rc">
      <Filter>Source Files</Filter>
    </ResourceCompile>
  </ItemGroup>
  <ItemGroup>
    <ClInclude Include="CommVAC.h">
      <Filter>Header Files</Filter>
    </ClInclude>
    <ClInclude Include="Resource.h">
      <Filter>Header Files</Filter>
    </ClInclude>
    <ClInclude Include="StdAfx.h">
      <Filter>Header Files</Filter>
    </ClInclude>
    <ClInclude Include="IPCStatusDetector.h">
      <Filter>Header Files</Filter>
    </ClInclude>
    <ClInclude Include="CCGStatusDetector.h">
      <Filter>Header Files</Filter>
    </ClInclude>
    <ClInclude Include="CommonVACFunction.h">
      <Filter>Header Files</Filter>
    </ClInclude>
    <ClInclude Include="IPGStatusDetector.h">
      <Filter>Header Files</Filter>
    </ClInclude>
    <ClInclude Include="BoardStatusDetector.h">
      <Filter>Header Files</Filter>
    </ClInclude>
    <ClInclude Include="WPCStatusDetector.h">
      <Filter>Header Files</Filter>
    </ClInclude>
    <ClInclude Include="CRC_Calc.h">
      <Filter>Header Files</Filter>
    </ClInclude>
  </ItemGroup>
  <ItemGroup>
    <Text Include="ReadMe.txt" />
  </ItemGroup>
  <ItemGroup>
    <CustomBuild Include="VACObtain.def">
      <Filter>Source Files</Filter>
    </CustomBuild>
    <CustomBuild Include="res\VACObtain.rc2">
      <Filter>Resource Files</Filter>
    </CustomBuild>
  </ItemGroup>
</Project>