<?xml version="1.0" encoding="utf-8"?>
<Project ToolsVersion="4.0" xmlns="http://schemas.microsoft.com/developer/msbuild/2003">
  <ItemGroup>
    <Filter Include="Source Files">
      <UniqueIdentifier>{65399fc4-568a-48da-9007-b8b57d01cdcc}</UniqueIdentifier>
      <Extensions>cpp;c;cxx;rc;def;r;odl;idl;hpj;bat</Extensions>
    </Filter>
    <Filter Include="Header Files">
      <UniqueIdentifier>{f3be609f-7155-4a1f-a63a-7892cfaf7c7a}</UniqueIdentifier>
      <Extensions>h;hpp;hxx;hm;inl</Extensions>
    </Filter>
    <Filter Include="Resource Files">
      <UniqueIdentifier>{113b6c46-2f86-4fba-b0d4-90888bba75ff}</UniqueIdentifier>
      <Extensions>ico;cur;bmp;dlg;rc2;rct;bin;rgs;gif;jpg;jpeg;jpe</Extensions>
    </Filter>
  </ItemGroup>
  <ItemGroup>
    <ClCompile Include="AutoTest.cpp">
      <Filter>Source Files</Filter>
    </ClCompile>
    <ClCompile Include="BoardComm.cpp">
      <Filter>Source Files</Filter>
    </ClCompile>
    <ClCompile Include="Calc.cpp">
      <Filter>Source Files</Filter>
    </ClCompile>
    <ClCompile Include="DlgAutoSum.cpp">
      <Filter>Source Files</Filter>
    </ClCompile>
    <ClCompile Include="DlgAutoTestLNS.cpp">
      <Filter>Source Files</Filter>
    </ClCompile>
    <ClCompile Include="DlgAutoTestMain.cpp">
      <Filter>Source Files</Filter>
    </ClCompile>
    <ClCompile Include="DlgAutoTestMCI.cpp">
      <Filter>Source Files</Filter>
    </ClCompile>
    <ClCompile Include="DlgAutoTestPower.cpp">
      <Filter>Source Files</Filter>
    </ClCompile>
    <ClCompile Include="DlgAutoTestSCN.cpp">
      <Filter>Source Files</Filter>
    </ClCompile>
    <ClCompile Include="DlgAutoTestSPR.cpp">
      <Filter>Source Files</Filter>
    </ClCompile>
    <ClCompile Include="DlgAutoTestTab.cpp">
      <Filter>Source Files</Filter>
    </ClCompile>
    <ClCompile Include="DlgAutoTestVAC.cpp">
      <Filter>Source Files</Filter>
    </ClCompile>
    <ClCompile Include="DlgCaliLNS.cpp">
      <Filter>Source Files</Filter>
    </ClCompile>
    <ClCompile Include="DlgCaliMain.cpp">
      <Filter>Source Files</Filter>
    </ClCompile>
    <ClCompile Include="DlgCaliMCI.cpp">
      <Filter>Source Files</Filter>
    </ClCompile>
    <ClCompile Include="DlgCaliSCN.cpp">
      <Filter>Source Files</Filter>
    </ClCompile>
    <ClCompile Include="DlgCaliSPR.cpp">
      <Filter>Source Files</Filter>
    </ClCompile>
    <ClCompile Include="DlgDiagLog.cpp">
      <Filter>Source Files</Filter>
    </ClCompile>
    <ClCompile Include="ExportAutoTestFunc.cpp">
      <Filter>Source Files</Filter>
    </ClCompile>
    <ClCompile Include="MacButtons.cpp">
      <Filter>Source Files</Filter>
    </ClCompile>
    <ClCompile Include="ReadSelectedADC.cpp">
      <Filter>Source Files</Filter>
    </ClCompile>
    <ClCompile Include="StdAfx.cpp">
      <Filter>Source Files</Filter>
    </ClCompile>
  </ItemGroup>
  <ItemGroup>
    <ResourceCompile Include="AutoTest.rc">
      <Filter>Source Files</Filter>
    </ResourceCompile>
  </ItemGroup>
  <ItemGroup>
    <ClInclude Include="AutoTest.h">
      <Filter>Header Files</Filter>
    </ClInclude>
    <ClInclude Include="Calc.h">
      <Filter>Header Files</Filter>
    </ClInclude>
    <ClInclude Include="DlgAutoSum.h">
      <Filter>Header Files</Filter>
    </ClInclude>
    <ClInclude Include="DlgAutoTestLNS.h">
      <Filter>Header Files</Filter>
    </ClInclude>
    <ClInclude Include="DlgAutoTestMain.h">
      <Filter>Header Files</Filter>
    </ClInclude>
    <ClInclude Include="DlgAutoTestMCI.h">
      <Filter>Header Files</Filter>
    </ClInclude>
    <ClInclude Include="DlgAutoTestPower.h">
      <Filter>Header Files</Filter>
    </ClInclude>
    <ClInclude Include="DlgAutoTestSCN.h">
      <Filter>Header Files</Filter>
    </ClInclude>
    <ClInclude Include="DlgAutoTestSPR.h">
      <Filter>Header Files</Filter>
    </ClInclude>
    <ClInclude Include="DlgAutoTestTab.h">
      <Filter>Header Files</Filter>
    </ClInclude>
    <ClInclude Include="DlgAutoTestVAC.h">
      <Filter>Header Files</Filter>
    </ClInclude>
    <ClInclude Include="DlgCaliLNS.h">
      <Filter>Header Files</Filter>
    </ClInclude>
    <ClInclude Include="DlgCaliMain.h">
      <Filter>Header Files</Filter>
    </ClInclude>
    <ClInclude Include="DlgCaliMCI.h">
      <Filter>Header Files</Filter>
    </ClInclude>
    <ClInclude Include="DlgCaliSCN.h">
      <Filter>Header Files</Filter>
    </ClInclude>
    <ClInclude Include="DlgCaliSPR.h">
      <Filter>Header Files</Filter>
    </ClInclude>
    <ClInclude Include="DlgDiagLog.h">
      <Filter>Header Files</Filter>
    </ClInclude>
    <ClInclude Include="ExportAutoTestFunc.h">
      <Filter>Header Files</Filter>
    </ClInclude>
    <ClInclude Include="MacButtons.h">
      <Filter>Header Files</Filter>
    </ClInclude>
    <ClInclude Include="Resource.h">
      <Filter>Header Files</Filter>
    </ClInclude>
    <ClInclude Include="StdAfx.h">
      <Filter>Header Files</Filter>
    </ClInclude>
  </ItemGroup>
  <ItemGroup>
    <Text Include="ReadMe.txt" />
  </ItemGroup>
  <ItemGroup>
    <CustomBuild Include="AutoTest.def">
      <Filter>Source Files</Filter>
    </CustomBuild>
    <CustomBuild Include="res\AutoTest.rc2">
      <Filter>Resource Files</Filter>
    </CustomBuild>
  </ItemGroup>
</Project>