<?xml version="1.0" encoding="utf-8"?>
<Project ToolsVersion="4.0" xmlns="http://schemas.microsoft.com/developer/msbuild/2003">
  <ItemGroup>
    <Filter Include="源文件">
      <UniqueIdentifier>{4FC737F1-C7A5-4376-A066-2A32D752A2FF}</UniqueIdentifier>
      <Extensions>cpp;c;cc;cxx;def;odl;idl;hpj;bat;asm;asmx</Extensions>
    </Filter>
    <Filter Include="头文件">
      <UniqueIdentifier>{93995380-89BD-4b04-88EB-625FBE52EBFB}</UniqueIdentifier>
      <Extensions>h;hpp;hxx;hm;inl;inc;xsd</Extensions>
    </Filter>
    <Filter Include="资源文件">
      <UniqueIdentifier>{67DA6AB6-F800-4c08-8B7A-83BB121AAD01}</UniqueIdentifier>
      <Extensions>rc;ico;cur;bmp;dlg;rc2;rct;bin;rgs;gif;jpg;jpeg;jpe;resx;tiff;tif;png;wav;mfcribbon-ms</Extensions>
    </Filter>
  </ItemGroup>
  <ItemGroup>
    <Text Include="ReadMe.txt" />
  </ItemGroup>
  <ItemGroup>
    <ClCompile Include="GlobalComponent.cpp">
      <Filter>源文件</Filter>
    </ClCompile>
    <ClCompile Include="dllmain.cpp">
      <Filter>源文件</Filter>
    </ClCompile>
    <ClCompile Include="stdafx.cpp">
      <Filter>源文件</Filter>
    </ClCompile>
    <ClCompile Include="GlobalParamSetting.cpp">
      <Filter>源文件</Filter>
    </ClCompile>
    <ClCompile Include="DebugMessageDispatcher.cpp">
      <Filter>源文件</Filter>
    </ClCompile>
    <ClCompile Include="MCICardCommonSetting.cpp">
      <Filter>源文件</Filter>
    </ClCompile>
    <ClCompile Include="RectManager.cpp">
      <Filter>源文件</Filter>
    </ClCompile>
    <ClCompile Include="StageXYManager.cpp">
      <Filter>源文件</Filter>
    </ClCompile>
    <ClCompile Include="DMCWIN.CPP">
      <Filter>源文件</Filter>
    </ClCompile>
    <ClCompile Include="DlgPrompt.cpp">
      <Filter>源文件</Filter>
    </ClCompile>
    <ClCompile Include="AppOption.cpp">
      <Filter>源文件</Filter>
    </ClCompile>
    <ClCompile Include="ScaleManager.cpp">
      <Filter>源文件</Filter>
    </ClCompile>
    <ClCompile Include="AlgorithmManager.cpp">
      <Filter>源文件</Filter>
    </ClCompile>
    <ClCompile Include="StatusDetector.cpp">
      <Filter>源文件</Filter>
    </ClCompile>
    <ClCompile Include="GraphBuffManager.cpp">
      <Filter>源文件</Filter>
    </ClCompile>
    <ClCompile Include="CommonFunctionManager.cpp">
      <Filter>源文件</Filter>
    </ClCompile>
    <ClCompile Include="TestParameterManager.cpp">
      <Filter>源文件</Filter>
    </ClCompile>
    <ClCompile Include="Serial.cpp">
      <Filter>源文件</Filter>
    </ClCompile>
    <ClCompile Include="FormatConvertor.cpp">
      <Filter>头文件</Filter>
    </ClCompile>
    <ClCompile Include="Util.cpp">
      <Filter>源文件</Filter>
    </ClCompile>
    <ClCompile Include="AutoContrastManager.cpp">
      <Filter>源文件</Filter>
    </ClCompile>
  </ItemGroup>
  <ItemGroup>
    <None Include="res\GlobalComponent.rc2">
      <Filter>资源文件</Filter>
    </None>
  </ItemGroup>
  <ItemGroup>
    <ClInclude Include="stdafx.h">
      <Filter>头文件</Filter>
    </ClInclude>
    <ClInclude Include="targetver.h">
      <Filter>头文件</Filter>
    </ClInclude>
    <ClInclude Include="Resource.h">
      <Filter>头文件</Filter>
    </ClInclude>
    <ClInclude Include="GlobalParamSetting.h">
      <Filter>头文件</Filter>
    </ClInclude>
    <ClInclude Include="DebugMessageDispatcher.h">
      <Filter>头文件</Filter>
    </ClInclude>
    <ClInclude Include="MCICardCommonSetting.h">
      <Filter>头文件</Filter>
    </ClInclude>
    <ClInclude Include="RectManager.h">
      <Filter>头文件</Filter>
    </ClInclude>
    <ClInclude Include="StageXYManager.h">
      <Filter>头文件</Filter>
    </ClInclude>
    <ClInclude Include="DMCWIN.H">
      <Filter>头文件</Filter>
    </ClInclude>
    <ClInclude Include="DlgPrompt.h">
      <Filter>头文件</Filter>
    </ClInclude>
    <ClInclude Include="AppOption.h">
      <Filter>头文件</Filter>
    </ClInclude>
    <ClInclude Include="ScaleManager.h">
      <Filter>头文件</Filter>
    </ClInclude>
    <ClInclude Include="AlgorithmManager.h">
      <Filter>头文件</Filter>
    </ClInclude>
    <ClInclude Include="StatusDetector.h">
      <Filter>头文件</Filter>
    </ClInclude>
    <ClInclude Include="GraphBuffManager.h">
      <Filter>头文件</Filter>
    </ClInclude>
    <ClInclude Include="CommonFunctionManager.h">
      <Filter>头文件</Filter>
    </ClInclude>
    <ClInclude Include="TestParameterManager.h">
      <Filter>头文件</Filter>
    </ClInclude>
    <ClInclude Include="Serial.h">
      <Filter>头文件</Filter>
    </ClInclude>
    <ClInclude Include="Util.h">
      <Filter>头文件</Filter>
    </ClInclude>
    <ClInclude Include="FormatConvertor.h">
      <Filter>头文件</Filter>
    </ClInclude>
    <ClInclude Include="AutoContrastManager.h">
      <Filter>头文件</Filter>
    </ClInclude>
  </ItemGroup>
  <ItemGroup>
    <ResourceCompile Include="GlobalComponent.rc">
      <Filter>资源文件</Filter>
    </ResourceCompile>
  </ItemGroup>
  <ItemGroup>
    <Image Include="res\icon_warning.ico">
      <Filter>资源文件</Filter>
    </Image>
  </ItemGroup>
</Project>