<?xml version="1.0" encoding="utf-8"?>
<Project ToolsVersion="4.0" xmlns="http://schemas.microsoft.com/developer/msbuild/2003">
  <ItemGroup>
    <Filter Include="Source Files">
      <UniqueIdentifier>{2b2fd3e7-7dce-438d-8a37-d6b9b68a6daf}</UniqueIdentifier>
      <Extensions>cpp;c;cxx;rc;def;r;odl;idl;hpj;bat</Extensions>
    </Filter>
    <Filter Include="Header Files">
      <UniqueIdentifier>{c741a24a-3264-4daa-9fa5-f2b8a23e5276}</UniqueIdentifier>
      <Extensions>h;hpp;hxx;hm;inl</Extensions>
    </Filter>
    <Filter Include="Resource Files">
      <UniqueIdentifier>{e7b45603-f26c-423a-8404-69725131943a}</UniqueIdentifier>
      <Extensions>ico;cur;bmp;dlg;rc2;rct;bin;rgs;gif;jpg;jpeg;jpe</Extensions>
    </Filter>
  </ItemGroup>
  <ItemGroup>
    <ClCompile Include="MoveXYCtl.cpp">
      <Filter>Source Files</Filter>
    </ClCompile>
    <ClCompile Include="SemCoreCtrlPanel_Stand2.cpp">
      <Filter>Source Files</Filter>
    </ClCompile>
    <ClCompile Include="SemCoreCtrlPanel_Stand2Ctl.cpp">
      <Filter>Source Files</Filter>
    </ClCompile>
    <ClCompile Include="SemCoreCtrlPanel_Stand2Ppg.cpp">
      <Filter>Source Files</Filter>
    </ClCompile>
    <ClCompile Include="StdAfx.cpp">
      <Filter>Source Files</Filter>
    </ClCompile>
  </ItemGroup>
  <ItemGroup>
    <Midl Include="SemCoreCtrlPanel_Stand2.odl">
      <Filter>Source Files</Filter>
    </Midl>
  </ItemGroup>
  <ItemGroup>
    <ResourceCompile Include="SemCoreCtrlPanel_Stand2.rc">
      <Filter>Source Files</Filter>
    </ResourceCompile>
  </ItemGroup>
  <ItemGroup>
    <ClInclude Include="MoveXYCtl.h">
      <Filter>Header Files</Filter>
    </ClInclude>
    <ClInclude Include="SemCoreCtrlPanel_Stand2.h">
      <Filter>Header Files</Filter>
    </ClInclude>
    <ClInclude Include="SemCoreCtrlPanel_Stand2Ctl.h">
      <Filter>Header Files</Filter>
    </ClInclude>
    <ClInclude Include="SemCoreCtrlPanel_Stand2Ppg.h">
      <Filter>Header Files</Filter>
    </ClInclude>
    <ClInclude Include="StdAfx.h">
      <Filter>Header Files</Filter>
    </ClInclude>
  </ItemGroup>
  <ItemGroup>
    <Image Include="aboutdll.ico">
      <Filter>Resource Files</Filter>
    </Image>
    <Image Include="semcorec.bmp">
      <Filter>Resource Files</Filter>
    </Image>
    <Image Include="SemCoreCtrlPanel_Stand2.ico">
      <Filter>Resource Files</Filter>
    </Image>
    <Image Include="SemCoreCtrlPanel_Stand2Ctl.bmp">
      <Filter>Resource Files</Filter>
    </Image>
  </ItemGroup>
  <ItemGroup>
    <Text Include="ReadMe.txt" />
  </ItemGroup>
  <ItemGroup>
    <CustomBuild Include="SemCoreCtrlPanel_Stand2.def">
      <Filter>Source Files</Filter>
    </CustomBuild>
  </ItemGroup>
</Project>