<?xml version="1.0" encoding="utf-8"?>
<Project ToolsVersion="4.0" xmlns="http://schemas.microsoft.com/developer/msbuild/2003">
  <ItemGroup>
    <Filter Include="Source Files">
      <UniqueIdentifier>{50251aff-0699-4c65-9a5b-81b1bd2074af}</UniqueIdentifier>
      <Extensions>cpp;c;cxx;rc;def;r;odl;idl;hpj;bat</Extensions>
    </Filter>
    <Filter Include="Header Files">
      <UniqueIdentifier>{a6c68a13-9049-413b-826d-f07657f4f190}</UniqueIdentifier>
      <Extensions>h;hpp;hxx;hm;inl</Extensions>
    </Filter>
    <Filter Include="Resource Files">
      <UniqueIdentifier>{f8a8fb85-96ca-47c5-9824-15407d33cde4}</UniqueIdentifier>
      <Extensions>ico;cur;bmp;dlg;rc2;rct;bin;rgs;gif;jpg;jpeg;jpe</Extensions>
    </Filter>
  </ItemGroup>
  <ItemGroup>
    <ClCompile Include="Coadjustment\CoadjustParam.cpp">
      <Filter>Source Files</Filter>
    </ClCompile>
    <ClCompile Include="MyProfileFunc.cpp">
      <Filter>Source Files</Filter>
    </ClCompile>
    <ClCompile Include="SemBasisCtrl.cpp">
      <Filter>Source Files</Filter>
    </ClCompile>
    <ClCompile Include="SemCore.cpp">
      <Filter>Source Files</Filter>
    </ClCompile>
    <ClCompile Include="SemCoreAssemble.cpp">
      <Filter>Source Files</Filter>
    </ClCompile>
    <ClCompile Include="SemCtrl_AutoFocus.cpp">
      <Filter>Source Files</Filter>
    </ClCompile>
    <ClCompile Include="SemCtrl_AutoStigmator.cpp">
      <Filter>Source Files</Filter>
    </ClCompile>
    <ClCompile Include="SemCtrl_AuxiliaryStigmation.cpp">
      <Filter>Source Files</Filter>
    </ClCompile>
    <ClCompile Include="SemCtrl_BeemAlignmentX.cpp">
      <Filter>Source Files</Filter>
    </ClCompile>
    <ClCompile Include="SemCtrl_BeemAlignmentY.cpp">
      <Filter>Source Files</Filter>
    </ClCompile>
    <ClCompile Include="SemCtrl_Brightness.cpp">
      <Filter>Source Files</Filter>
    </ClCompile>
    <ClCompile Include="SemCtrl_BseBySeDetectorSwitch.cpp">
      <Filter>Source Files</Filter>
    </ClCompile>
    <ClCompile Include="SemCtrl_Channel2AB.cpp">
      <Filter>Source Files</Filter>
    </ClCompile>
    <ClCompile Include="SemCtrl_Channel2C.cpp">
      <Filter>Source Files</Filter>
    </ClCompile>
    <ClCompile Include="SemCtrl_Channel2D.cpp">
      <Filter>Source Files</Filter>
    </ClCompile>
    <ClCompile Include="SemCtrl_Channel2E.cpp">
      <Filter>Source Files</Filter>
    </ClCompile>
    <ClCompile Include="SemCtrl_CondenserLens.cpp">
      <Filter>Source Files</Filter>
    </ClCompile>
    <ClCompile Include="SemCtrl_CondenserLensReverse.cpp">
      <Filter>Source Files</Filter>
    </ClCompile>
    <ClCompile Include="SemCtrl_Contrast.cpp">
      <Filter>Source Files</Filter>
    </ClCompile>
    <ClCompile Include="SemCtrl_CPS_Bias.cpp">
      <Filter>Source Files</Filter>
    </ClCompile>
    <ClCompile Include="SemCtrl_CPS_FilamentCurrent.cpp">
      <Filter>Source Files</Filter>
    </ClCompile>
    <ClCompile Include="SemCtrl_CPS_HV.cpp">
      <Filter>Source Files</Filter>
    </ClCompile>
    <ClCompile Include="SemCtrl_DCondenserLens.cpp">
      <Filter>Source Files</Filter>
    </ClCompile>
    <ClCompile Include="SemCtrl_DFocus.cpp">
      <Filter>Source Files</Filter>
    </ClCompile>
    <ClCompile Include="SemCtrl_DObjectiveLens.cpp">
      <Filter>Source Files</Filter>
    </ClCompile>
    <ClCompile Include="SemCtrl_FilamentCurrent.cpp">
      <Filter>Source Files</Filter>
    </ClCompile>
    <ClCompile Include="SemCtrl_GunCurrent.cpp">
      <Filter>Source Files</Filter>
    </ClCompile>
    <ClCompile Include="SemCtrl_GunCurrentAccelerate.cpp">
      <Filter>Source Files</Filter>
    </ClCompile>
    <ClCompile Include="SemCtrl_HV.cpp">
      <Filter>Source Files</Filter>
    </ClCompile>
    <ClCompile Include="SemCtrl_HVAccelerate.cpp">
      <Filter>Source Files</Filter>
    </ClCompile>
    <ClCompile Include="SemCtrl_ImageInvert.cpp">
      <Filter>Source Files</Filter>
    </ClCompile>
    <ClCompile Include="SemCtrl_InquirerZ80A.cpp">
      <Filter>Source Files</Filter>
    </ClCompile>
    <ClCompile Include="SemCtrl_InquirerZ80B.cpp">
      <Filter>Source Files</Filter>
    </ClCompile>
    <ClCompile Include="SemCtrl_Magnifier.cpp">
      <Filter>Source Files</Filter>
    </ClCompile>
    <ClCompile Include="SemCtrl_MCB.cpp">
      <Filter>Source Files</Filter>
    </ClCompile>
    <ClCompile Include="SemCtrl_ObjectiveLens.cpp">
      <Filter>Source Files</Filter>
    </ClCompile>
    <ClCompile Include="SemCtrl_ObjectiveLensReverse.cpp">
      <Filter>Source Files</Filter>
    </ClCompile>
    <ClCompile Include="SemCtrl_OSE.cpp">
      <Filter>Source Files</Filter>
    </ClCompile>
    <ClCompile Include="SemCtrl_PC10SE1.cpp">
      <Filter>Source Files</Filter>
    </ClCompile>
    <ClCompile Include="SemCtrl_PC10SE6.cpp">
      <Filter>Source Files</Filter>
    </ClCompile>
    <ClCompile Include="SemCtrl_RobinsonDetectorSwitch.cpp">
      <Filter>Source Files</Filter>
    </ClCompile>
    <ClCompile Include="SemCtrl_RotationScan.cpp">
      <Filter>Source Files</Filter>
    </ClCompile>
    <ClCompile Include="SemCtrl_SACP.cpp">
      <Filter>Source Files</Filter>
    </ClCompile>
    <ClCompile Include="SemCtrl_ScanRotate.cpp">
      <Filter>Source Files</Filter>
    </ClCompile>
    <ClCompile Include="SemCtrl_ScanShiftX.cpp">
      <Filter>Source Files</Filter>
    </ClCompile>
    <ClCompile Include="SemCtrl_ScanShiftY.cpp">
      <Filter>Source Files</Filter>
    </ClCompile>
    <ClCompile Include="SemCtrl_Signal2Brightness.cpp">
      <Filter>Source Files</Filter>
    </ClCompile>
    <ClCompile Include="SemCtrl_Signal2Contrast.cpp">
      <Filter>Source Files</Filter>
    </ClCompile>
    <ClCompile Include="SemCtrl_SignalProcesser.cpp">
      <Filter>Source Files</Filter>
    </ClCompile>
    <ClCompile Include="SemCtrl_SP_Bias.cpp">
      <Filter>Source Files</Filter>
    </ClCompile>
    <ClCompile Include="SemCtrl_SP_Heater.cpp">
      <Filter>Source Files</Filter>
    </ClCompile>
    <ClCompile Include="SemCtrl_SP_HV.cpp">
      <Filter>Source Files</Filter>
    </ClCompile>
    <ClCompile Include="SemCtrl_SP_PMT.cpp">
      <Filter>Source Files</Filter>
    </ClCompile>
    <ClCompile Include="SemCtrl_StigmatorX.cpp">
      <Filter>Source Files</Filter>
    </ClCompile>
    <ClCompile Include="SemCtrl_StigmatorY.cpp">
      <Filter>Source Files</Filter>
    </ClCompile>
    <ClCompile Include="SemCtrl_WD.cpp">
      <Filter>Source Files</Filter>
    </ClCompile>
    <ClCompile Include="SemCtrl_YAdjust.cpp">
      <Filter>Source Files</Filter>
    </ClCompile>
    <ClCompile Include="StdAfx.cpp">
      <Filter>Source Files</Filter>
    </ClCompile>
    <ClCompile Include="SemCtrl_AdjustParameter.cpp">
      <Filter>Source Files</Filter>
    </ClCompile>
  </ItemGroup>
  <ItemGroup>
    <ResourceCompile Include="SemCore.rc">
      <Filter>Source Files</Filter>
    </ResourceCompile>
  </ItemGroup>
  <ItemGroup>
    <ClInclude Include="Coadjustment\CoadjustParam.h">
      <Filter>Header Files</Filter>
    </ClInclude>
    <ClInclude Include="Resource.h">
      <Filter>Header Files</Filter>
    </ClInclude>
    <ClInclude Include="SemBasisCtrl.h">
      <Filter>Header Files</Filter>
    </ClInclude>
    <ClInclude Include="SemCoreAssemble.h">
      <Filter>Header Files</Filter>
    </ClInclude>
    <ClInclude Include="SemCtrl_AutoFocus.h">
      <Filter>Header Files</Filter>
    </ClInclude>
    <ClInclude Include="SemCtrl_AutoStigmator.h">
      <Filter>Header Files</Filter>
    </ClInclude>
    <ClInclude Include="SemCtrl_AuxiliaryStigmation.h">
      <Filter>Header Files</Filter>
    </ClInclude>
    <ClInclude Include="SemCtrl_BeemAlignmentX.h">
      <Filter>Header Files</Filter>
    </ClInclude>
    <ClInclude Include="SemCtrl_BeemAlignmentY.h">
      <Filter>Header Files</Filter>
    </ClInclude>
    <ClInclude Include="SemCtrl_Brightness.h">
      <Filter>Header Files</Filter>
    </ClInclude>
    <ClInclude Include="SemCtrl_BseBySeDetectorSwitch.h">
      <Filter>Header Files</Filter>
    </ClInclude>
    <ClInclude Include="SemCtrl_Channel2AB.h">
      <Filter>Header Files</Filter>
    </ClInclude>
    <ClInclude Include="SemCtrl_Channel2C.h">
      <Filter>Header Files</Filter>
    </ClInclude>
    <ClInclude Include="SemCtrl_Channel2D.h">
      <Filter>Header Files</Filter>
    </ClInclude>
    <ClInclude Include="SemCtrl_Channel2E.h">
      <Filter>Header Files</Filter>
    </ClInclude>
    <ClInclude Include="SemCtrl_CondenserLens.h">
      <Filter>Header Files</Filter>
    </ClInclude>
    <ClInclude Include="SemCtrl_CondenserLensReverse.h">
      <Filter>Header Files</Filter>
    </ClInclude>
    <ClInclude Include="SemCtrl_Contrast.h">
      <Filter>Header Files</Filter>
    </ClInclude>
    <ClInclude Include="SemCtrl_CPS_Bias.h">
      <Filter>Header Files</Filter>
    </ClInclude>
    <ClInclude Include="SemCtrl_CPS_FilamentCurrent.h">
      <Filter>Header Files</Filter>
    </ClInclude>
    <ClInclude Include="SemCtrl_CPS_HV.h">
      <Filter>Header Files</Filter>
    </ClInclude>
    <ClInclude Include="SemCtrl_DCondenserLens.h">
      <Filter>Header Files</Filter>
    </ClInclude>
    <ClInclude Include="SemCtrl_DFocus.h">
      <Filter>Header Files</Filter>
    </ClInclude>
    <ClInclude Include="SemCtrl_DObjectiveLens.h">
      <Filter>Header Files</Filter>
    </ClInclude>
    <ClInclude Include="SemCtrl_FilamentCurrent.h">
      <Filter>Header Files</Filter>
    </ClInclude>
    <ClInclude Include="SemCtrl_GunCurrent.h">
      <Filter>Header Files</Filter>
    </ClInclude>
    <ClInclude Include="SemCtrl_GunCurrentAccelerate.h">
      <Filter>Header Files</Filter>
    </ClInclude>
    <ClInclude Include="SemCtrl_HV.h">
      <Filter>Header Files</Filter>
    </ClInclude>
    <ClInclude Include="SemCtrl_HVAccelerate.h">
      <Filter>Header Files</Filter>
    </ClInclude>
    <ClInclude Include="SemCtrl_ImageInvert.h">
      <Filter>Header Files</Filter>
    </ClInclude>
    <ClInclude Include="SemCtrl_InquirerZ80A.h">
      <Filter>Header Files</Filter>
    </ClInclude>
    <ClInclude Include="SemCtrl_InquirerZ80B.h">
      <Filter>Header Files</Filter>
    </ClInclude>
    <ClInclude Include="SemCtrl_Magnifier.h">
      <Filter>Header Files</Filter>
    </ClInclude>
    <ClInclude Include="SemCtrl_MCB.h">
      <Filter>Header Files</Filter>
    </ClInclude>
    <ClInclude Include="SemCtrl_ObjectiveLens.h">
      <Filter>Header Files</Filter>
    </ClInclude>
    <ClInclude Include="SemCtrl_ObjectiveLensReverse.h">
      <Filter>Header Files</Filter>
    </ClInclude>
    <ClInclude Include="SemCtrl_OSE.h">
      <Filter>Header Files</Filter>
    </ClInclude>
    <ClInclude Include="SemCtrl_PC10SE1.h">
      <Filter>Header Files</Filter>
    </ClInclude>
    <ClInclude Include="SemCtrl_PC10SE6.h">
      <Filter>Header Files</Filter>
    </ClInclude>
    <ClInclude Include="SemCtrl_RobinsonDetectorSwitch.h">
      <Filter>Header Files</Filter>
    </ClInclude>
    <ClInclude Include="SemCtrl_RotationScan.h">
      <Filter>Header Files</Filter>
    </ClInclude>
    <ClInclude Include="SemCtrl_SACP.h">
      <Filter>Header Files</Filter>
    </ClInclude>
    <ClInclude Include="SemCtrl_ScanRotate.h">
      <Filter>Header Files</Filter>
    </ClInclude>
    <ClInclude Include="SemCtrl_ScanShiftX.h">
      <Filter>Header Files</Filter>
    </ClInclude>
    <ClInclude Include="SemCtrl_ScanShiftY.h">
      <Filter>Header Files</Filter>
    </ClInclude>
    <ClInclude Include="SemCtrl_Signal2Brightness.h">
      <Filter>Header Files</Filter>
    </ClInclude>
    <ClInclude Include="SemCtrl_Signal2Contrast.h">
      <Filter>Header Files</Filter>
    </ClInclude>
    <ClInclude Include="SemCtrl_SignalProcesser.h">
      <Filter>Header Files</Filter>
    </ClInclude>
    <ClInclude Include="SemCtrl_SP_Bias.h">
      <Filter>Header Files</Filter>
    </ClInclude>
    <ClInclude Include="SemCtrl_SP_Heater.h">
      <Filter>Header Files</Filter>
    </ClInclude>
    <ClInclude Include="SemCtrl_SP_HV.h">
      <Filter>Header Files</Filter>
    </ClInclude>
    <ClInclude Include="SemCtrl_SP_PMT.h">
      <Filter>Header Files</Filter>
    </ClInclude>
    <ClInclude Include="SemCtrl_StigmatorX.h">
      <Filter>Header Files</Filter>
    </ClInclude>
    <ClInclude Include="SemCtrl_StigmatorY.h">
      <Filter>Header Files</Filter>
    </ClInclude>
    <ClInclude Include="SemCtrl_WD.h">
      <Filter>Header Files</Filter>
    </ClInclude>
    <ClInclude Include="SemCtrl_YAdjust.h">
      <Filter>Header Files</Filter>
    </ClInclude>
    <ClInclude Include="StdAfx.h">
      <Filter>Header Files</Filter>
    </ClInclude>
    <ClInclude Include="SemCtrl_AdjustParameter.h">
      <Filter>Header Files</Filter>
    </ClInclude>
  </ItemGroup>
  <ItemGroup>
    <Text Include="ReadMe.txt" />
  </ItemGroup>
  <ItemGroup>
    <CustomBuild Include="SemCore.def">
      <Filter>Source Files</Filter>
    </CustomBuild>
    <CustomBuild Include="res\SemCore.rc2">
      <Filter>Resource Files</Filter>
    </CustomBuild>
  </ItemGroup>
</Project>