<?xml version="1.0" encoding="utf-8"?>
<Project ToolsVersion="4.0" xmlns="http://schemas.microsoft.com/developer/msbuild/2003">
  <ItemGroup>
    <Filter Include="Source Files">
      <UniqueIdentifier>{49e965fe-ea42-42b3-8d87-c114571b2a87}</UniqueIdentifier>
      <Extensions>cpp;c;cxx;rc;def;r;odl;idl;hpj;bat</Extensions>
    </Filter>
    <Filter Include="Header Files">
      <UniqueIdentifier>{dabf5de9-6e1a-4fdf-b86c-7b4d5ab51e74}</UniqueIdentifier>
      <Extensions>h;hpp;hxx;hm;inl</Extensions>
    </Filter>
    <Filter Include="Resource Files">
      <UniqueIdentifier>{45e40717-f114-42a0-8af1-85bbd05b1b36}</UniqueIdentifier>
      <Extensions>ico;cur;bmp;dlg;rc2;rct;bin;rgs;gif;jpg;jpeg;jpe</Extensions>
    </Filter>
  </ItemGroup>
  <ItemGroup>
    <ClCompile Include="SemCoreCtrlPanelCommonMap.cpp">
      <Filter>Source Files</Filter>
    </ClCompile>
    <ClCompile Include="SemCoreCtrlPanelList.cpp">
      <Filter>Source Files</Filter>
    </ClCompile>
    <ClCompile Include="SemCoreCtrlPanelManager.cpp">
      <Filter>Source Files</Filter>
    </ClCompile>
    <ClCompile Include="SemCtrlPanelManager.cpp">
      <Filter>Source Files</Filter>
    </ClCompile>
    <ClCompile Include="StdAfx.cpp">
      <Filter>Source Files</Filter>
    </ClCompile>
    <ClCompile Include="SemCoreCtrlPanelFunctionHandler.cpp">
      <Filter>Source Files</Filter>
    </ClCompile>
    <ClCompile Include="SemCoreCtrlPanelCoadjustHandler.cpp">
      <Filter>Source Files</Filter>
    </ClCompile>
  </ItemGroup>
  <ItemGroup>
    <ResourceCompile Include="SemCoreCtrlPanelManager.rc">
      <Filter>Source Files</Filter>
    </ResourceCompile>
  </ItemGroup>
  <ItemGroup>
    <ClInclude Include="Resource.h">
      <Filter>Header Files</Filter>
    </ClInclude>
    <ClInclude Include="SemCoreCtrlPanelCommonMap.h">
      <Filter>Header Files</Filter>
    </ClInclude>
    <ClInclude Include="SemCoreCtrlPanelList.h">
      <Filter>Header Files</Filter>
    </ClInclude>
    <ClInclude Include="SemCtrlPanelManager.h">
      <Filter>Header Files</Filter>
    </ClInclude>
    <ClInclude Include="StdAfx.h">
      <Filter>Header Files</Filter>
    </ClInclude>
    <ClInclude Include="SemCoreCtrlPanelFunctionHandler.h">
      <Filter>Header Files</Filter>
    </ClInclude>
    <ClInclude Include="SemCoreCtrlPanelCoadjustHandler.h">
      <Filter>Header Files</Filter>
    </ClInclude>
  </ItemGroup>
  <ItemGroup>
    <Text Include="ReadMe.txt" />
  </ItemGroup>
  <ItemGroup>
    <CustomBuild Include="SemCoreCtrlPanelManager.def">
      <Filter>Source Files</Filter>
    </CustomBuild>
    <CustomBuild Include="res\SemCoreCtrlPanelManager.rc2">
      <Filter>Resource Files</Filter>
    </CustomBuild>
  </ItemGroup>
</Project>