<?xml version="1.0" encoding="utf-8"?>
<Project ToolsVersion="4.0" xmlns="http://schemas.microsoft.com/developer/msbuild/2003">
  <ItemGroup>
    <Filter Include="Source Files">
      <UniqueIdentifier>{3d6844b1-7fdb-4268-9772-b5afd84dfe7e}</UniqueIdentifier>
      <Extensions>cpp;c;cxx;rc;def;r;odl;idl;hpj;bat</Extensions>
    </Filter>
    <Filter Include="Header Files">
      <UniqueIdentifier>{6480b401-9b4d-4f36-a69e-2ce978d9e815}</UniqueIdentifier>
      <Extensions>h;hpp;hxx;hm;inl</Extensions>
    </Filter>
    <Filter Include="Resource Files">
      <UniqueIdentifier>{14f3fb52-f79d-4094-b319-9c7e3993e283}</UniqueIdentifier>
      <Extensions>ico;cur;bmp;dlg;rc2;rct;bin;rgs;gif;jpg;jpeg;jpe</Extensions>
    </Filter>
  </ItemGroup>
  <ItemGroup>
    <ClCompile Include="SEMServer.cpp">
      <Filter>Source Files</Filter>
    </ClCompile>
    <ClCompile Include="StdAfx.cpp">
      <Filter>Source Files</Filter>
    </ClCompile>
    <ClCompile Include="TCPServer.cpp">
      <Filter>Source Files</Filter>
    </ClCompile>
    <ClCompile Include="SSCmd.cpp">
      <Filter>Source Files</Filter>
    </ClCompile>
    <ClCompile Include="SSCmdThread.cpp">
      <Filter>Source Files</Filter>
    </ClCompile>
    <ClCompile Include="SSImg.cpp">
      <Filter>Source Files</Filter>
    </ClCompile>
    <ClCompile Include="SSImgThread.cpp">
      <Filter>Source Files</Filter>
    </ClCompile>
    <ClCompile Include="KYKYCommFIFO.cpp">
      <Filter>Source Files</Filter>
    </ClCompile>
    <ClCompile Include="MPOData.cpp">
      <Filter>Source Files</Filter>
    </ClCompile>
    <ClCompile Include="WorkItemAnalyzeClientMsg.cpp">
      <Filter>Source Files</Filter>
    </ClCompile>
    <ClCompile Include="WorkQueue.cpp">
      <Filter>Source Files</Filter>
    </ClCompile>
  </ItemGroup>
  <ItemGroup>
    <ResourceCompile Include="SEMServer.rc">
      <Filter>Source Files</Filter>
    </ResourceCompile>
  </ItemGroup>
  <ItemGroup>
    <ClInclude Include="include\json\json.h">
      <Filter>Header Files</Filter>
    </ClInclude>
    <ClInclude Include="Resource.h">
      <Filter>Header Files</Filter>
    </ClInclude>
    <ClInclude Include="StdAfx.h">
      <Filter>Header Files</Filter>
    </ClInclude>
    <ClInclude Include="TCPServer.h">
      <Filter>Header Files</Filter>
    </ClInclude>
    <ClInclude Include="SSCmd.h">
      <Filter>Header Files</Filter>
    </ClInclude>
    <ClInclude Include="SSCmdThread.h">
      <Filter>Header Files</Filter>
    </ClInclude>
    <ClInclude Include="SSImg.h">
      <Filter>Header Files</Filter>
    </ClInclude>
    <ClInclude Include="SSImgThread.h">
      <Filter>Header Files</Filter>
    </ClInclude>
    <ClInclude Include="KYKYCommFIFO.h">
      <Filter>Header Files</Filter>
    </ClInclude>
    <ClInclude Include="MPOData.h">
      <Filter>Header Files</Filter>
    </ClInclude>
    <ClInclude Include="WorkItemAnalyzeClientMsg.h">
      <Filter>Header Files</Filter>
    </ClInclude>
    <ClInclude Include="WorkQueue.h">
      <Filter>Header Files</Filter>
    </ClInclude>
  </ItemGroup>
  <ItemGroup>
    <Text Include="ReadMe.txt" />
  </ItemGroup>
  <ItemGroup>
    <CustomBuild Include="SEMServer.def">
      <Filter>Source Files</Filter>
    </CustomBuild>
    <CustomBuild Include="res\SEMServer.rc2">
      <Filter>Resource Files</Filter>
    </CustomBuild>
  </ItemGroup>
</Project>