<?xml version="1.0" encoding="utf-8"?>
<Project ToolsVersion="4.0" xmlns="http://schemas.microsoft.com/developer/msbuild/2003">
  <ItemGroup>
    <Filter Include="Source Files">
      <UniqueIdentifier>{b70ced64-96f6-4798-8b64-16a4569ca3bb}</UniqueIdentifier>
      <Extensions>cpp;c;cxx;rc;def;r;odl;idl;hpj;bat</Extensions>
    </Filter>
    <Filter Include="Header Files">
      <UniqueIdentifier>{6b8ec9bb-2d0c-435b-90ae-e804cacdfcf2}</UniqueIdentifier>
      <Extensions>h;hpp;hxx;hm;inl</Extensions>
    </Filter>
    <Filter Include="Resource Files">
      <UniqueIdentifier>{49a59802-8ced-45d3-b64b-19ba6387f160}</UniqueIdentifier>
      <Extensions>ico;cur;bmp;dlg;rc2;rct;bin;rgs;gif;jpg;jpeg;jpe</Extensions>
    </Filter>
  </ItemGroup>
  <ItemGroup>
    <ClCompile Include="Calc.cpp">
      <Filter>Source Files</Filter>
    </ClCompile>
    <ClCompile Include="DetectDialog.cpp">
      <Filter>Source Files</Filter>
    </ClCompile>
    <ClCompile Include="DlgAutoTestLNS.cpp">
      <Filter>Source Files</Filter>
    </ClCompile>
    <ClCompile Include="DlgAutoTestMain.cpp">
      <Filter>Source Files</Filter>
    </ClCompile>
    <ClCompile Include="DlgAutoTestMCI.cpp">
      <Filter>Source Files</Filter>
    </ClCompile>
    <ClCompile Include="DlgAutoTestPower.cpp">
      <Filter>Source Files</Filter>
    </ClCompile>
    <ClCompile Include="DlgAutoTestSCN.cpp">
      <Filter>Source Files</Filter>
    </ClCompile>
    <ClCompile Include="DlgAutoTestSPR.cpp">
      <Filter>Source Files</Filter>
    </ClCompile>
    <ClCompile Include="DlgAutoTestTab.cpp">
      <Filter>Source Files</Filter>
    </ClCompile>
    <ClCompile Include="DlgAutoTestVAC.cpp">
      <Filter>Source Files</Filter>
    </ClCompile>
    <ClCompile Include="DlgDiagLog.cpp">
      <Filter>Source Files</Filter>
    </ClCompile>
    <ClCompile Include="DlgDiagLogGraph.cpp">
      <Filter>Source Files</Filter>
    </ClCompile>
    <ClCompile Include="DlgDisplay.cpp">
      <Filter>Source Files</Filter>
    </ClCompile>
    <ClCompile Include="FT232HDevice.cpp">
      <Filter>Source Files</Filter>
    </ClCompile>
    <ClCompile Include="insample0.cpp">
      <Filter>Source Files</Filter>
    </ClCompile>
    <ClCompile Include="insample0Dlg.cpp">
      <Filter>Source Files</Filter>
    </ClCompile>
    <ClCompile Include="MacButtons.cpp">
      <Filter>Source Files</Filter>
    </ClCompile>
    <ClCompile Include="MCIBasicFunctionsDlg.cpp">
      <Filter>Source Files</Filter>
    </ClCompile>
    <ClCompile Include="MsOffice\MsWord9.cpp">
      <Filter>Source Files</Filter>
    </ClCompile>
    <ClCompile Include="PageMCI.cpp">
      <Filter>Source Files</Filter>
    </ClCompile>
    <ClCompile Include="PageSL.cpp">
      <Filter>Source Files</Filter>
    </ClCompile>
    <ClCompile Include="PageVS.cpp">
      <Filter>Source Files</Filter>
    </ClCompile>
    <ClCompile Include="StdAfx.cpp">
      <Filter>Source Files</Filter>
    </ClCompile>
    <ClCompile Include="TabDialog.cpp">
      <Filter>Source Files</Filter>
    </ClCompile>
  </ItemGroup>
  <ItemGroup>
    <ResourceCompile Include="insample0.rc">
      <Filter>Source Files</Filter>
    </ResourceCompile>
  </ItemGroup>
  <ItemGroup>
    <ClInclude Include="Calc.h">
      <Filter>Header Files</Filter>
    </ClInclude>
    <ClInclude Include="DetectDialog.h">
      <Filter>Header Files</Filter>
    </ClInclude>
    <ClInclude Include="DlgAutoTestLNS.h">
      <Filter>Header Files</Filter>
    </ClInclude>
    <ClInclude Include="DlgAutoTestMain.h">
      <Filter>Header Files</Filter>
    </ClInclude>
    <ClInclude Include="DlgAutoTestMCI.h">
      <Filter>Header Files</Filter>
    </ClInclude>
    <ClInclude Include="DlgAutoTestPower.h">
      <Filter>Header Files</Filter>
    </ClInclude>
    <ClInclude Include="DlgAutoTestSCN.h">
      <Filter>Header Files</Filter>
    </ClInclude>
    <ClInclude Include="DlgAutoTestSPR.h">
      <Filter>Header Files</Filter>
    </ClInclude>
    <ClInclude Include="DlgAutoTestTab.h">
      <Filter>Header Files</Filter>
    </ClInclude>
    <ClInclude Include="DlgAutoTestVAC.h">
      <Filter>Header Files</Filter>
    </ClInclude>
    <ClInclude Include="DlgDiagLog.h">
      <Filter>Header Files</Filter>
    </ClInclude>
    <ClInclude Include="DlgDiagLogGraph.h">
      <Filter>Header Files</Filter>
    </ClInclude>
    <ClInclude Include="DlgDisplay.h">
      <Filter>Header Files</Filter>
    </ClInclude>
    <ClInclude Include="FT232HDevice.h">
      <Filter>Header Files</Filter>
    </ClInclude>
    <ClInclude Include="FTD2XX.H">
      <Filter>Header Files</Filter>
    </ClInclude>
    <ClInclude Include="insample0.h">
      <Filter>Header Files</Filter>
    </ClInclude>
    <ClInclude Include="insample0Dlg.h">
      <Filter>Header Files</Filter>
    </ClInclude>
    <ClInclude Include="MacButtons.h">
      <Filter>Header Files</Filter>
    </ClInclude>
    <ClInclude Include="MCIBasicFunctionsDlg.h">
      <Filter>Header Files</Filter>
    </ClInclude>
    <ClInclude Include="PageMCI.h">
      <Filter>Header Files</Filter>
    </ClInclude>
    <ClInclude Include="PageSL.h">
      <Filter>Header Files</Filter>
    </ClInclude>
    <ClInclude Include="PageVS.h">
      <Filter>Header Files</Filter>
    </ClInclude>
    <ClInclude Include="Resource.h">
      <Filter>Header Files</Filter>
    </ClInclude>
    <ClInclude Include="StdAfx.h">
      <Filter>Header Files</Filter>
    </ClInclude>
    <ClInclude Include="TabDialog.h">
      <Filter>Header Files</Filter>
    </ClInclude>
    <ClInclude Include="USB_Functions.h">
      <Filter>Header Files</Filter>
    </ClInclude>
  </ItemGroup>
  <ItemGroup>
    <Image Include="res\bmp_led_blue_d.bmp">
      <Filter>Resource Files</Filter>
    </Image>
    <Image Include="res\bmp_led_blue_h.bmp">
      <Filter>Resource Files</Filter>
    </Image>
    <Image Include="res\insample0.ico">
      <Filter>Resource Files</Filter>
    </Image>
  </ItemGroup>
  <ItemGroup>
    <Library Include="VCAIOUSB.lib" />
  </ItemGroup>
  <ItemGroup>
    <CustomBuild Include="res\insample0.rc2">
      <Filter>Resource Files</Filter>
    </CustomBuild>
  </ItemGroup>
  <ItemGroup>
    <Manifest Include="BrdTest2.exe.manifest" />
  </ItemGroup>
</Project>