<?xml version="1.0" encoding="utf-8"?>
<Project ToolsVersion="4.0" xmlns="http://schemas.microsoft.com/developer/msbuild/2003">
  <ItemGroup>
    <Filter Include="Source Files">
      <UniqueIdentifier>{36634bf1-d814-44fd-8c04-b3b6d0b034eb}</UniqueIdentifier>
      <Extensions>cpp;c;cxx;rc;def;r;odl;idl;hpj;bat</Extensions>
    </Filter>
    <Filter Include="Header Files">
      <UniqueIdentifier>{02f8d199-aca5-4917-a5c8-498750dcfb35}</UniqueIdentifier>
      <Extensions>h;hpp;hxx;hm;inl</Extensions>
    </Filter>
    <Filter Include="Resource Files">
      <UniqueIdentifier>{e6013488-d91a-40ed-ada4-1742c9d073e9}</UniqueIdentifier>
      <Extensions>ico;cur;bmp;dlg;rc2;rct;bin;rgs;gif;jpg;jpeg;jpe</Extensions>
    </Filter>
  </ItemGroup>
  <ItemGroup>
    <ClCompile Include="DlgDriverInit.cpp">
      <Filter>Source Files</Filter>
    </ClCompile>
    <ClCompile Include="DlgInput.cpp">
      <Filter>Source Files</Filter>
    </ClCompile>
    <ClCompile Include="DlgSetup.cpp">
      <Filter>Source Files</Filter>
    </ClCompile>
    <ClCompile Include="ExportStageMC6600Func.cpp">
      <Filter>Source Files</Filter>
    </ClCompile>
    <ClCompile Include="Options_StageMC6600Wnd.cpp">
      <Filter>Source Files</Filter>
    </ClCompile>
    <ClCompile Include="PanelStage.cpp">
      <Filter>Source Files</Filter>
    </ClCompile>
    <ClCompile Include="PanelStagePos.cpp">
      <Filter>Source Files</Filter>
    </ClCompile>
    <ClCompile Include="StdAfx.cpp">
      <Filter>Source Files</Filter>
    </ClCompile>
  </ItemGroup>
  <ItemGroup>
    <ResourceCompile Include="Options_StageMC6600Wnd.rc">
      <Filter>Source Files</Filter>
    </ResourceCompile>
  </ItemGroup>
  <ItemGroup>
    <ClInclude Include="DlgDriverInit.h">
      <Filter>Header Files</Filter>
    </ClInclude>
    <ClInclude Include="DlgInput.h">
      <Filter>Header Files</Filter>
    </ClInclude>
    <ClInclude Include="DlgSetup.h">
      <Filter>Header Files</Filter>
    </ClInclude>
    <ClInclude Include="ExportStageMC6600Func.h">
      <Filter>Header Files</Filter>
    </ClInclude>
    <ClInclude Include="Options_StageMC6600Wnd.h">
      <Filter>Header Files</Filter>
    </ClInclude>
    <ClInclude Include="PanelStage.h">
      <Filter>Header Files</Filter>
    </ClInclude>
    <ClInclude Include="Resource.h">
      <Filter>Header Files</Filter>
    </ClInclude>
    <ClInclude Include="StdAfx.h">
      <Filter>Header Files</Filter>
    </ClInclude>
  </ItemGroup>
  <ItemGroup>
    <Image Include="res\icon_stage_d.ico">
      <Filter>Resource Files</Filter>
    </Image>
    <Image Include="res\icon_stage_l.ico">
      <Filter>Resource Files</Filter>
    </Image>
    <Image Include="res\icon_stage_r.ico">
      <Filter>Resource Files</Filter>
    </Image>
    <Image Include="res\icon_stage_rl.ico">
      <Filter>Resource Files</Filter>
    </Image>
    <Image Include="res\icon_stage_rr.ico">
      <Filter>Resource Files</Filter>
    </Image>
    <Image Include="res\icon_stage_td.ico">
      <Filter>Resource Files</Filter>
    </Image>
    <Image Include="res\icon_stage_tu.ico">
      <Filter>Resource Files</Filter>
    </Image>
    <Image Include="res\icon_stage_u.ico">
      <Filter>Resource Files</Filter>
    </Image>
    <Image Include="res\icon_stage_zd.ico">
      <Filter>Resource Files</Filter>
    </Image>
    <Image Include="res\icon_stage_zu.ico">
      <Filter>Resource Files</Filter>
    </Image>
  </ItemGroup>
  <ItemGroup>
    <Text Include="ReadMe.txt" />
  </ItemGroup>
  <ItemGroup>
    <CustomBuild Include="Options_StageMC6600Wnd.def">
      <Filter>Source Files</Filter>
    </CustomBuild>
    <CustomBuild Include="res\Options_StageMC6600Wnd.rc2">
      <Filter>Resource Files</Filter>
    </CustomBuild>
  </ItemGroup>
</Project>