<?xml version="1.0" encoding="utf-8"?>
<Project ToolsVersion="4.0" xmlns="http://schemas.microsoft.com/developer/msbuild/2003">
  <ItemGroup>
    <Filter Include="Source Files">
      <UniqueIdentifier>{1e0b5086-7bd3-4c9c-8f90-4069e6de96ea}</UniqueIdentifier>
      <Extensions>cpp;c;cxx;rc;def;r;odl;idl;hpj;bat</Extensions>
    </Filter>
    <Filter Include="Header Files">
      <UniqueIdentifier>{fa57b095-2533-4302-a75f-8f4079cec289}</UniqueIdentifier>
      <Extensions>h;hpp;hxx;hm;inl</Extensions>
    </Filter>
    <Filter Include="Resource Files">
      <UniqueIdentifier>{b9dbaef2-65de-438d-a6dc-beea8bbe6d17}</UniqueIdentifier>
      <Extensions>ico;cur;bmp;dlg;rc2;rct;bin;rgs;gif;jpg;jpeg;jpe</Extensions>
    </Filter>
  </ItemGroup>
  <ItemGroup>
    <ClCompile Include="GradeDlg.cpp">
      <Filter>Source Files</Filter>
    </ClCompile>
    <ClCompile Include="SemCoreCtrlPanel_Stand6.cpp">
      <Filter>Source Files</Filter>
    </ClCompile>
    <ClCompile Include="SemCoreCtrlPanel_Stand6Ctl.cpp">
      <Filter>Source Files</Filter>
    </ClCompile>
    <ClCompile Include="SemCoreCtrlPanel_Stand6Ppg.cpp">
      <Filter>Source Files</Filter>
    </ClCompile>
    <ClCompile Include="StdAfx.cpp">
      <Filter>Source Files</Filter>
    </ClCompile>
  </ItemGroup>
  <ItemGroup>
    <Midl Include="SemCoreCtrlPanel_Stand6.odl">
      <Filter>Source Files</Filter>
    </Midl>
  </ItemGroup>
  <ItemGroup>
    <ResourceCompile Include="SemCoreCtrlPanel_Stand6.rc">
      <Filter>Source Files</Filter>
    </ResourceCompile>
  </ItemGroup>
  <ItemGroup>
    <ClInclude Include="GradeDlg.h">
      <Filter>Header Files</Filter>
    </ClInclude>
    <ClInclude Include="SemCoreCtrlPanel_Stand6.h">
      <Filter>Header Files</Filter>
    </ClInclude>
    <ClInclude Include="SemCoreCtrlPanel_Stand6Ctl.h">
      <Filter>Header Files</Filter>
    </ClInclude>
    <ClInclude Include="SemCoreCtrlPanel_Stand6Ppg.h">
      <Filter>Header Files</Filter>
    </ClInclude>
    <ClInclude Include="StdAfx.h">
      <Filter>Header Files</Filter>
    </ClInclude>
    <ClInclude Include="..\..\Language\LanguagePackage\resource.h">
      <Filter>Header Files</Filter>
    </ClInclude>
  </ItemGroup>
  <ItemGroup>
    <Image Include="SemCoreCtrlPanel_Stand6.ico">
      <Filter>Resource Files</Filter>
    </Image>
    <Image Include="SemCoreCtrlPanel_Stand6_en.ico">
      <Filter>Resource Files</Filter>
    </Image>
    <Image Include="SemCoreCtrlPanel_Stand6Ctl.bmp">
      <Filter>Resource Files</Filter>
    </Image>
    <Image Include="SemCoreCtrlPanel_Stand6Ctl_en.bmp">
      <Filter>Resource Files</Filter>
    </Image>
  </ItemGroup>
  <ItemGroup>
    <Text Include="ReadMe.txt" />
  </ItemGroup>
  <ItemGroup>
    <CustomBuild Include="SemCoreCtrlPanel_Stand6.def">
      <Filter>Source Files</Filter>
    </CustomBuild>
  </ItemGroup>
</Project>