<?xml version="1.0" encoding="utf-8"?>
<Project ToolsVersion="4.0" xmlns="http://schemas.microsoft.com/developer/msbuild/2003">
  <ItemGroup>
    <Filter Include="Source Files">
      <UniqueIdentifier>{d5c0029b-3883-42ed-a7e3-0ebf34529c3f}</UniqueIdentifier>
      <Extensions>cpp;c;cxx;rc;def;r;odl;idl;hpj;bat</Extensions>
    </Filter>
    <Filter Include="Header Files">
      <UniqueIdentifier>{6efd3c5f-c5c4-4f45-813f-79ad12d57ed1}</UniqueIdentifier>
      <Extensions>h;hpp;hxx;hm;inl</Extensions>
    </Filter>
    <Filter Include="Resource Files">
      <UniqueIdentifier>{5468963b-cca0-4af9-8198-ea59de00c595}</UniqueIdentifier>
      <Extensions>ico;cur;bmp;dlg;rc2;rct;bin;rgs;gif;jpg;jpeg;jpe</Extensions>
    </Filter>
  </ItemGroup>
  <ItemGroup>
    <ClCompile Include="AnalyseDispXYZ.cpp">
      <Filter>Source Files</Filter>
    </ClCompile>
    <ClCompile Include="AnalyseDispXYZ2.cpp">
      <Filter>Source Files</Filter>
    </ClCompile>
    <ClCompile Include="AnalyseDispXYZ2nd.cpp">
      <Filter>Source Files</Filter>
    </ClCompile>
    <ClCompile Include="AnalyseDispXYZ2ndMix.cpp">
      <Filter>Source Files</Filter>
    </ClCompile>
    <ClCompile Include="Ddutil.cpp">
      <Filter>Source Files</Filter>
    </ClCompile>
    <ClCompile Include="DIBAPI.CPP">
      <Filter>Source Files</Filter>
    </ClCompile>
    <ClCompile Include="MCICard.cpp">
      <Filter>Source Files</Filter>
    </ClCompile>
    <ClCompile Include="MCICardGraphLay.cpp">
      <Filter>Source Files</Filter>
    </ClCompile>
    <ClCompile Include="MCICardImageProcess.cpp">
      <Filter>Source Files</Filter>
    </ClCompile>
    <ClCompile Include="MCICardInfo.cpp">
      <Filter>Source Files</Filter>
    </ClCompile>
    <ClCompile Include="MCICardLabelLay.cpp">
      <Filter>Source Files</Filter>
    </ClCompile>
    <ClCompile Include="MCICardOscillograph.cpp">
      <Filter>Source Files</Filter>
    </ClCompile>
    <ClCompile Include="MCICardUScale.cpp">
      <Filter>Source Files</Filter>
    </ClCompile>
    <ClCompile Include="MYFILE.CPP">
      <Filter>Source Files</Filter>
    </ClCompile>
    <ClCompile Include="SemVirtualMCICard.cpp">
      <Filter>Source Files</Filter>
    </ClCompile>
    <ClCompile Include="StdAfx.cpp">
      <Filter>Source Files</Filter>
    </ClCompile>
    <ClCompile Include="VirtualMCICard.cpp">
      <Filter>Source Files</Filter>
    </ClCompile>
    <ClCompile Include="MCICardGetDataLogicExecutor.cpp">
      <Filter>Source Files</Filter>
    </ClCompile>
    <ClCompile Include="MCICardGetDataDet2ndLogicExecutor.cpp">
      <Filter>Source Files</Filter>
    </ClCompile>
    <ClCompile Include="LabelControler.cpp">
      <Filter>Source Files</Filter>
    </ClCompile>
    <ClCompile Include="LabelInitializer.cpp">
      <Filter>Source Files</Filter>
    </ClCompile>
    <ClCompile Include="MobileUScaleControler.cpp">
      <Filter>Source Files</Filter>
    </ClCompile>
    <ClCompile Include="OscillographControler.cpp">
      <Filter>Source Files</Filter>
    </ClCompile>
    <ClCompile Include="RectConvertor.cpp">
      <Filter>Source Files</Filter>
    </ClCompile>
    <ClCompile Include="MCICardOption.cpp">
      <Filter>Source Files</Filter>
    </ClCompile>
    <ClCompile Include="FrameRateControler.cpp">
      <Filter>Source Files</Filter>
    </ClCompile>
    <ClCompile Include="ImageDataManager.cpp">
      <Filter>Source Files</Filter>
    </ClCompile>
    <ClCompile Include="HeaderControler.cpp">
      <Filter>Source Files</Filter>
    </ClCompile>
    <ClCompile Include="AngleControler.cpp">
      <Filter>Source Files</Filter>
    </ClCompile>
  </ItemGroup>
  <ItemGroup>
    <ResourceCompile Include="VirtualMCICard.rc">
      <Filter>Source Files</Filter>
    </ResourceCompile>
  </ItemGroup>
  <ItemGroup>
    <ClInclude Include="MCICard.h">
      <Filter>Header Files</Filter>
    </ClInclude>
    <ClInclude Include="MCICardParam.h">
      <Filter>Header Files</Filter>
    </ClInclude>
    <ClInclude Include="Resource.h">
      <Filter>Header Files</Filter>
    </ClInclude>
    <ClInclude Include="SemVirtualMCICard.h">
      <Filter>Header Files</Filter>
    </ClInclude>
    <ClInclude Include="StdAfx.h">
      <Filter>Header Files</Filter>
    </ClInclude>
    <ClInclude Include="MCICardGetDataLogicExecutor.h">
      <Filter>Header Files</Filter>
    </ClInclude>
    <ClInclude Include="MCICardGetDataDet2ndLogicExecutor.h">
      <Filter>Header Files</Filter>
    </ClInclude>
    <ClInclude Include="LabelControler.h">
      <Filter>Header Files</Filter>
    </ClInclude>
    <ClInclude Include="LabelInitializer.h">
      <Filter>Header Files</Filter>
    </ClInclude>
    <ClInclude Include="MobileUScaleControler.h">
      <Filter>Header Files</Filter>
    </ClInclude>
    <ClInclude Include="OscillographControler.h">
      <Filter>Header Files</Filter>
    </ClInclude>
    <ClInclude Include="RectConvertor.h">
      <Filter>Header Files</Filter>
    </ClInclude>
    <ClInclude Include="MCICardOption.h">
      <Filter>Header Files</Filter>
    </ClInclude>
    <ClInclude Include="FrameRateControler.h">
      <Filter>Header Files</Filter>
    </ClInclude>
    <ClInclude Include="XYZTuple.h">
      <Filter>Header Files</Filter>
    </ClInclude>
    <ClInclude Include="ImageDataManager.h">
      <Filter>Header Files</Filter>
    </ClInclude>
    <ClInclude Include="HeaderControler.h">
      <Filter>Header Files</Filter>
    </ClInclude>
    <ClInclude Include="AngleControler.h">
      <Filter>Header Files</Filter>
    </ClInclude>
  </ItemGroup>
  <ItemGroup>
    <Text Include="ReadMe.txt" />
  </ItemGroup>
  <ItemGroup>
    <CustomBuild Include="VirtualMCICard.def">
      <Filter>Source Files</Filter>
    </CustomBuild>
    <CustomBuild Include="res\VirtualMCICard.rc2">
      <Filter>Resource Files</Filter>
    </CustomBuild>
  </ItemGroup>
</Project>