<?xml version="1.0" encoding="utf-8"?>
<Project ToolsVersion="4.0" xmlns="http://schemas.microsoft.com/developer/msbuild/2003">
  <ItemGroup>
    <Filter Include="Source Files">
      <UniqueIdentifier>{035b5ef0-2036-46ed-a5ac-36df0bceea26}</UniqueIdentifier>
      <Extensions>cpp;c;cxx;rc;def;r;odl;idl;hpj;bat</Extensions>
    </Filter>
    <Filter Include="Header Files">
      <UniqueIdentifier>{76d83548-810c-486c-9a13-9a67116f6310}</UniqueIdentifier>
      <Extensions>h;hpp;hxx;hm;inl</Extensions>
    </Filter>
    <Filter Include="Resource Files">
      <UniqueIdentifier>{bbd757bf-aaab-46f6-a74a-3dd90a993c82}</UniqueIdentifier>
      <Extensions>ico;cur;bmp;dlg;rc2;rct;bin;rgs;gif;jpg;jpeg;jpe</Extensions>
    </Filter>
  </ItemGroup>
  <ItemGroup>
    <ClCompile Include="DlgInput.cpp">
      <Filter>Source Files</Filter>
    </ClCompile>
    <ClCompile Include="DlgSetup.cpp">
      <Filter>Source Files</Filter>
    </ClCompile>
    <ClCompile Include="ExportStageTMCMFunc.cpp">
      <Filter>Source Files</Filter>
    </ClCompile>
    <ClCompile Include="Options_StageTMCMWnd.cpp">
      <Filter>Source Files</Filter>
    </ClCompile>
    <ClCompile Include="PanelStage.cpp">
      <Filter>Source Files</Filter>
    </ClCompile>
    <ClCompile Include="PanelStagePos.cpp">
      <Filter>Source Files</Filter>
    </ClCompile>
    <ClCompile Include="StdAfx.cpp">
      <Filter>Source Files</Filter>
    </ClCompile>
    <ClCompile Include="DlgLimitParam.cpp">
      <Filter>Source Files</Filter>
    </ClCompile>
  </ItemGroup>
  <ItemGroup>
    <ResourceCompile Include="Options_StageTMCMWnd.rc">
      <Filter>Source Files</Filter>
    </ResourceCompile>
  </ItemGroup>
  <ItemGroup>
    <ClInclude Include="DlgInput.h">
      <Filter>Header Files</Filter>
    </ClInclude>
    <ClInclude Include="DlgSetup.h">
      <Filter>Header Files</Filter>
    </ClInclude>
    <ClInclude Include="ExportStageTMCMFunc.h">
      <Filter>Header Files</Filter>
    </ClInclude>
    <ClInclude Include="Options_StageTMCMWnd.h">
      <Filter>Header Files</Filter>
    </ClInclude>
    <ClInclude Include="PanelStage.h">
      <Filter>Header Files</Filter>
    </ClInclude>
    <ClInclude Include="Resource.h">
      <Filter>Header Files</Filter>
    </ClInclude>
    <ClInclude Include="StdAfx.h">
      <Filter>Header Files</Filter>
    </ClInclude>
    <ClInclude Include="DlgLimitParam.h">
      <Filter>Header Files</Filter>
    </ClInclude>
  </ItemGroup>
  <ItemGroup>
    <Image Include="res\icon_stage_d.ico">
      <Filter>Resource Files</Filter>
    </Image>
    <Image Include="res\icon_stage_l.ico">
      <Filter>Resource Files</Filter>
    </Image>
    <Image Include="res\icon_stage_r.ico">
      <Filter>Resource Files</Filter>
    </Image>
    <Image Include="res\icon_stage_rl.ico">
      <Filter>Resource Files</Filter>
    </Image>
    <Image Include="res\icon_stage_rr.ico">
      <Filter>Resource Files</Filter>
    </Image>
    <Image Include="res\icon_stage_td.ico">
      <Filter>Resource Files</Filter>
    </Image>
    <Image Include="res\icon_stage_tu.ico">
      <Filter>Resource Files</Filter>
    </Image>
    <Image Include="res\icon_stage_u.ico">
      <Filter>Resource Files</Filter>
    </Image>
    <Image Include="res\icon_stage_zd.ico">
      <Filter>Resource Files</Filter>
    </Image>
    <Image Include="res\icon_stage_zu.ico">
      <Filter>Resource Files</Filter>
    </Image>
  </ItemGroup>
  <ItemGroup>
    <Text Include="ReadMe.txt" />
  </ItemGroup>
  <ItemGroup>
    <CustomBuild Include="Options_StageTMCMWnd.def">
      <Filter>Source Files</Filter>
    </CustomBuild>
    <CustomBuild Include="res\Options_StageTMCMWnd.rc2">
      <Filter>Resource Files</Filter>
    </CustomBuild>
  </ItemGroup>
</Project>